// !$*UTF8*$!
{
	archiveVersion = 1;
	classes = {
	};
	objectVersion = 56;
	objects = {

/* Begin PBXBuildFile section */
		1605E7B481E50199F1F65BBE /* Pods_Hankkijogbo.framework in Frameworks */ = {isa = PBXBuildFile; fileRef = D5C76934102657091ADFC65F /* Pods_Hankkijogbo.framework */; };
		8302853B2C415BBD0004D9F7 /* TotalListCollectionViewCell.swift in Sources */ = {isa = PBXBuildFile; fileRef = 8302853A2C415BBD0004D9F7 /* TotalListCollectionViewCell.swift */; };
		8302F8DD2C3D6C0B004ADAA4 /* TotalListBottomSheetController.swift in Sources */ = {isa = PBXBuildFile; fileRef = 8302F8DC2C3D6C0B004ADAA4 /* TotalListBottomSheetController.swift */; };
		8302F8E12C3DB43D004ADAA4 /* TotalListBottomSheetView.swift in Sources */ = {isa = PBXBuildFile; fileRef = 8302F8E02C3DB43D004ADAA4 /* TotalListBottomSheetView.swift */; };
		8302F8E32C3DBB48004ADAA4 /* TotalListModel.swift in Sources */ = {isa = PBXBuildFile; fileRef = 8302F8E22C3DBB48004ADAA4 /* TotalListModel.swift */; };
		8302F8E72C3E991F004ADAA4 /* TypeCollectionViewCell.swift in Sources */ = {isa = PBXBuildFile; fileRef = 8302F8E62C3E991F004ADAA4 /* TypeCollectionViewCell.swift */; };
		8302F8EB2C3EBF77004ADAA4 /* TypeCollectionView.swift in Sources */ = {isa = PBXBuildFile; fileRef = 8302F8EA2C3EBF77004ADAA4 /* TypeCollectionView.swift */; };
		8302F8ED2C3F039F004ADAA4 /* FilteringModel.swift in Sources */ = {isa = PBXBuildFile; fileRef = 8302F8EC2C3F039F004ADAA4 /* FilteringModel.swift */; };
		832546EC2C3F28F900B8C3DC /* DropDownView.swift in Sources */ = {isa = PBXBuildFile; fileRef = 832546EB2C3F28F900B8C3DC /* DropDownView.swift */; };
		838BEB032C38196300AAA153 /* TabBarItem.swift in Sources */ = {isa = PBXBuildFile; fileRef = 838BEB022C38196300AAA153 /* TabBarItem.swift */; };
		838BEB052C382B0700AAA153 /* TabBarController.swift in Sources */ = {isa = PBXBuildFile; fileRef = 838BEB042C382B0700AAA153 /* TabBarController.swift */; };
		838D09D52C329A0A001400A4 /* Colors.xcassets in Resources */ = {isa = PBXBuildFile; fileRef = 838D09D42C329A0A001400A4 /* Colors.xcassets */; };
		83A23A422C4010AA00A71ECE /* ButtonType.swift in Sources */ = {isa = PBXBuildFile; fileRef = 83A23A412C4010AA00A71ECE /* ButtonType.swift */; };
		83DA28962C3851BB004819FA /* HankkiNavigationType.swift in Sources */ = {isa = PBXBuildFile; fileRef = 83DA28952C3851BB004819FA /* HankkiNavigationType.swift */; };
		83DA28982C3852C5004819FA /* HankkiNavigationController.swift in Sources */ = {isa = PBXBuildFile; fileRef = 83DA28972C3852C5004819FA /* HankkiNavigationController.swift */; };
		83DBED762C255A180042BA48 /* AppDelegate.swift in Sources */ = {isa = PBXBuildFile; fileRef = 83DBED752C255A180042BA48 /* AppDelegate.swift */; };
		83DBED782C255A180042BA48 /* SceneDelegate.swift in Sources */ = {isa = PBXBuildFile; fileRef = 83DBED772C255A180042BA48 /* SceneDelegate.swift */; };
		83DBED7A2C255A180042BA48 /* ViewController.swift in Sources */ = {isa = PBXBuildFile; fileRef = 83DBED792C255A180042BA48 /* ViewController.swift */; };
		83DBED7F2C255A1A0042BA48 /* Assets.xcassets in Resources */ = {isa = PBXBuildFile; fileRef = 83DBED7E2C255A1A0042BA48 /* Assets.xcassets */; };
		83DBED822C255A1A0042BA48 /* LaunchScreen.storyboard in Resources */ = {isa = PBXBuildFile; fileRef = 83DBED802C255A1A0042BA48 /* LaunchScreen.storyboard */; };
		83DBED922C2564990042BA48 /* HomeViewModel.swift in Sources */ = {isa = PBXBuildFile; fileRef = 83DBED912C2564990042BA48 /* HomeViewModel.swift */; };
		83DBED942C2564A20042BA48 /* HomeView.swift in Sources */ = {isa = PBXBuildFile; fileRef = 83DBED932C2564A20042BA48 /* HomeView.swift */; };
		83DBED962C2564AC0042BA48 /* HomeViewController.swift in Sources */ = {isa = PBXBuildFile; fileRef = 83DBED952C2564AC0042BA48 /* HomeViewController.swift */; };
		83DBED982C2564B40042BA48 /* HomeModel.swift in Sources */ = {isa = PBXBuildFile; fileRef = 83DBED972C2564B40042BA48 /* HomeModel.swift */; };
		83DBED9E2C2565150042BA48 /* response.swift in Sources */ = {isa = PBXBuildFile; fileRef = 83DBED9D2C2565150042BA48 /* response.swift */; };
		83DBEDA02C25651C0042BA48 /* request.swift in Sources */ = {isa = PBXBuildFile; fileRef = 83DBED9F2C25651C0042BA48 /* request.swift */; };
		83DBEDA22C2565340042BA48 /* HomeAPIService.swift in Sources */ = {isa = PBXBuildFile; fileRef = 83DBEDA12C2565340042BA48 /* HomeAPIService.swift */; };
		83DBEDA42C25653F0042BA48 /* HomeTargetType.swift in Sources */ = {isa = PBXBuildFile; fileRef = 83DBEDA32C25653F0042BA48 /* HomeTargetType.swift */; };
		83DBEDB02C2566120042BA48 /* UIStackView+.swift in Sources */ = {isa = PBXBuildFile; fileRef = 83DBEDAF2C2566120042BA48 /* UIStackView+.swift */; };
		83DBEDB22C2566230042BA48 /* ImageLiterals.swift in Sources */ = {isa = PBXBuildFile; fileRef = 83DBEDB12C2566230042BA48 /* ImageLiterals.swift */; };
		83DBEDB42C2566300042BA48 /* StringLiterals.swift in Sources */ = {isa = PBXBuildFile; fileRef = 83DBEDB32C2566300042BA48 /* StringLiterals.swift */; };
		83DBEDB62C2566380042BA48 /* FontLiterals.swift in Sources */ = {isa = PBXBuildFile; fileRef = 83DBEDB52C2566380042BA48 /* FontLiterals.swift */; };
		83DBEDB92C25666E0042BA48 /* MainButton.swift in Sources */ = {isa = PBXBuildFile; fileRef = 83DBEDB82C25666E0042BA48 /* MainButton.swift */; };
		83DBEDBB2C2566830042BA48 /* AuthenticationAdapterProtocol.swift in Sources */ = {isa = PBXBuildFile; fileRef = 83DBEDBA2C2566830042BA48 /* AuthenticationAdapterProtocol.swift */; };
		83DBEDBE2C25698B0042BA48 /* Then in Frameworks */ = {isa = PBXBuildFile; productRef = 83DBEDBD2C25698B0042BA48 /* Then */; };
		83DBEDC12C2569A80042BA48 /* SnapKit in Frameworks */ = {isa = PBXBuildFile; productRef = 83DBEDC02C2569A80042BA48 /* SnapKit */; };
		83DBEDC42C256A3B0042BA48 /* Moya in Frameworks */ = {isa = PBXBuildFile; productRef = 83DBEDC32C256A3B0042BA48 /* Moya */; };
		83DBEDC62C256A7A0042BA48 /* UIView+.swift in Sources */ = {isa = PBXBuildFile; fileRef = 83DBEDC52C256A7A0042BA48 /* UIView+.swift */; };
		83DBEDC82C256AD00042BA48 /* NSObject+.swift in Sources */ = {isa = PBXBuildFile; fileRef = 83DBEDC72C256AD00042BA48 /* NSObject+.swift */; };
		83DBEDCA2C256AE70042BA48 /* UIViewController+.swift in Sources */ = {isa = PBXBuildFile; fileRef = 83DBEDC92C256AE70042BA48 /* UIViewController+.swift */; };
		83DBEDCC2C256B080042BA48 /* UILabel+.swift in Sources */ = {isa = PBXBuildFile; fileRef = 83DBEDCB2C256B080042BA48 /* UILabel+.swift */; };
		83DBEDCE2C256B180042BA48 /* UIButton+.swift in Sources */ = {isa = PBXBuildFile; fileRef = 83DBEDCD2C256B180042BA48 /* UIButton+.swift */; };
		83DBEDD02C256B4C0042BA48 /* UITextField+.swift in Sources */ = {isa = PBXBuildFile; fileRef = 83DBEDCF2C256B4C0042BA48 /* UITextField+.swift */; };
		83DBEDD22C256B7A0042BA48 /* UIColor+.swift in Sources */ = {isa = PBXBuildFile; fileRef = 83DBEDD12C256B7A0042BA48 /* UIColor+.swift */; };
		861704F72C38304D00D99E50 /* AlertViewController.swift in Sources */ = {isa = PBXBuildFile; fileRef = 861704F62C38304D00D99E50 /* AlertViewController.swift */; };
		864A89BC2C3B350900140B63 /* AlertStyle.swift in Sources */ = {isa = PBXBuildFile; fileRef = 864A89BB2C3B350900140B63 /* AlertStyle.swift */; };
		864FA9032C3D1F7B0051EA36 /* MypageViewController.swift in Sources */ = {isa = PBXBuildFile; fileRef = 864FA9022C3D1F7B0051EA36 /* MypageViewController.swift */; };
		864FA9062C3D20150051EA36 /* MypageHankkiCollectionViewCell.swift in Sources */ = {isa = PBXBuildFile; fileRef = 864FA9052C3D20150051EA36 /* MypageHankkiCollectionViewCell.swift */; };
		864FA9082C3D20560051EA36 /* MypageHeaderView.swift in Sources */ = {isa = PBXBuildFile; fileRef = 864FA9072C3D20560051EA36 /* MypageHeaderView.swift */; };
		864FA90A2C3D20910051EA36 /* MypageOptionCollectionViewCell.swift in Sources */ = {isa = PBXBuildFile; fileRef = 864FA9092C3D20910051EA36 /* MypageOptionCollectionViewCell.swift */; };
		864FA90C2C3D20BE0051EA36 /* MypageQuitFooterView.swift in Sources */ = {isa = PBXBuildFile; fileRef = 864FA90B2C3D20BE0051EA36 /* MypageQuitFooterView.swift */; };
		864FA90E2C3D20FF0051EA36 /* MypageZipCollectionViewCell.swift in Sources */ = {isa = PBXBuildFile; fileRef = 864FA90D2C3D20FF0051EA36 /* MypageZipCollectionViewCell.swift */; };
		864FA9122C3D34B80051EA36 /* MypageCollectionViewCellEnum.swift in Sources */ = {isa = PBXBuildFile; fileRef = 864FA9112C3D34B80051EA36 /* MypageCollectionViewCellEnum.swift */; };
		864FA91C2C3D63400051EA36 /* BottomButtonView.swift in Sources */ = {isa = PBXBuildFile; fileRef = 864FA91B2C3D63400051EA36 /* BottomButtonView.swift */; };
		86685C522C3BC67D00C080C4 /* UnivSelectViewModel.swift in Sources */ = {isa = PBXBuildFile; fileRef = 86685C512C3BC67D00C080C4 /* UnivSelectViewModel.swift */; };
		86685C542C3BC68900C080C4 /* UnivSelectViewController.swift in Sources */ = {isa = PBXBuildFile; fileRef = 86685C532C3BC68900C080C4 /* UnivSelectViewController.swift */; };
		86685C582C3BD89500C080C4 /* UnivCollectionViewCell.swift in Sources */ = {isa = PBXBuildFile; fileRef = 86685C572C3BD89500C080C4 /* UnivCollectionViewCell.swift */; };
		86784E8B2C3FC0CD00E94A5D /* CreateZipViewController.swift in Sources */ = {isa = PBXBuildFile; fileRef = 86784E8A2C3FC0CD00E94A5D /* CreateZipViewController.swift */; };
		86784E8F2C4021E200E94A5D /* TagTextField.swift in Sources */ = {isa = PBXBuildFile; fileRef = 86784E8E2C4021E200E94A5D /* TagTextField.swift */; };
		86B761142C3DC79F00413059 /* ZipListViewController.swift in Sources */ = {isa = PBXBuildFile; fileRef = 86B761132C3DC79F00413059 /* ZipListViewController.swift */; };
		86B761162C3DC7AB00413059 /* ZipListCollectionViewCell.swift in Sources */ = {isa = PBXBuildFile; fileRef = 86B761152C3DC7AB00413059 /* ZipListCollectionViewCell.swift */; };
		86B7611C2C3DE04200413059 /* HankkiListViewController.swift in Sources */ = {isa = PBXBuildFile; fileRef = 86B7611B2C3DE04200413059 /* HankkiListViewController.swift */; };
		86B7611F2C3DE05800413059 /* HankkiListTableViewCell.swift in Sources */ = {isa = PBXBuildFile; fileRef = 86B7611E2C3DE05800413059 /* HankkiListTableViewCell.swift */; };
		86B761212C3DF60800413059 /* ZipHeaderTableView.swift in Sources */ = {isa = PBXBuildFile; fileRef = 86B761202C3DF60800413059 /* ZipHeaderTableView.swift */; };
		86B761232C3EC87A00413059 /* ZipListCollectionViewCellDataStruct.swift in Sources */ = {isa = PBXBuildFile; fileRef = 86B761222C3EC87A00413059 /* ZipListCollectionViewCellDataStruct.swift */; };
		86B761302C3EEDEE00413059 /* HankkiListViewControllerType.swift in Sources */ = {isa = PBXBuildFile; fileRef = 86B7612F2C3EEDEE00413059 /* HankkiListViewControllerType.swift */; };
		86B761322C3F12B300413059 /* HankkiListTableViewCellDataStruct.swift in Sources */ = {isa = PBXBuildFile; fileRef = 86B761312C3F12B300413059 /* HankkiListTableViewCellDataStruct.swift */; };
		A22D20C72C3162C9001AFAC6 /* .swiftlint.yml in Resources */ = {isa = PBXBuildFile; fileRef = A22D20C62C3162C9001AFAC6 /* .swiftlint.yml */; };
		A240EA082C3EF6E0000FF458 /* BufferView.swift in Sources */ = {isa = PBXBuildFile; fileRef = A240EA072C3EF6E0000FF458 /* BufferView.swift */; };
		A240EA0C2C3EFD77000FF458 /* CompositionalLayoutFactory.swift in Sources */ = {isa = PBXBuildFile; fileRef = A240EA0B2C3EFD77000FF458 /* CompositionalLayoutFactory.swift */; };
		A240EA192C3F35BC000FF458 /* SearchBarCollectionViewCell.swift in Sources */ = {isa = PBXBuildFile; fileRef = A240EA182C3F35BC000FF458 /* SearchBarCollectionViewCell.swift */; };
		A240EA1B2C3F35C8000FF458 /* SearchCollectionViewCell.swift in Sources */ = {isa = PBXBuildFile; fileRef = A240EA1A2C3F35C8000FF458 /* SearchCollectionViewCell.swift */; };
		A240EA1D2C3F35CB000FF458 /* SearchViewController.swift in Sources */ = {isa = PBXBuildFile; fileRef = A240EA1C2C3F35CB000FF458 /* SearchViewController.swift */; };
		A240EA222C403E91000FF458 /* ImageCollectionViewCell.swift in Sources */ = {isa = PBXBuildFile; fileRef = A240EA212C403E91000FF458 /* ImageCollectionViewCell.swift */; };
		A240EA242C412759000FF458 /* UICollectionView+.swift in Sources */ = {isa = PBXBuildFile; fileRef = A240EA232C412759000FF458 /* UICollectionView+.swift */; };
		A240EA262C4176FF000FF458 /* String+.swift in Sources */ = {isa = PBXBuildFile; fileRef = A240EA252C4176FF000FF458 /* String+.swift */; };
		A240EA2A2C41BE98000FF458 /* Config.xcconfig in Resources */ = {isa = PBXBuildFile; fileRef = A240EA292C41BE98000FF458 /* Config.xcconfig */; };
		A240EA2D2C41BF2E000FF458 /* ReportCompleteViewController.swift in Sources */ = {isa = PBXBuildFile; fileRef = A240EA2C2C41BF2E000FF458 /* ReportCompleteViewController.swift */; };
		A240EA2F2C41C053000FF458 /* HankkiInfoCardView.swift in Sources */ = {isa = PBXBuildFile; fileRef = A240EA2E2C41C053000FF458 /* HankkiInfoCardView.swift */; };
		A2B542432C32AF7500A6B225 /* UIFont+.swift in Sources */ = {isa = PBXBuildFile; fileRef = A2B542422C32AF7500A6B225 /* UIFont+.swift */; };
		A2B599182C39B5C8004B7E4E /* BlackToastView.swift in Sources */ = {isa = PBXBuildFile; fileRef = A2B599172C39B5C8004B7E4E /* BlackToastView.swift */; };
		A2B599202C3B5470004B7E4E /* WhiteToastView.swift in Sources */ = {isa = PBXBuildFile; fileRef = A2B5991F2C3B5470004B7E4E /* WhiteToastView.swift */; };
		A2DEBF452C3BD0DD00DE14A9 /* UIScreen+.swift in Sources */ = {isa = PBXBuildFile; fileRef = A2DEBF442C3BD0DD00DE14A9 /* UIScreen+.swift */; };
		A2DEBF492C3BD7A300DE14A9 /* MyZipListBottomSheetViewController.swift in Sources */ = {isa = PBXBuildFile; fileRef = A2DEBF462C3BD7A300DE14A9 /* MyZipListBottomSheetViewController.swift */; };
		A2DEBF4A2C3BD7A300DE14A9 /* MyZipListCollectionViewCell.swift in Sources */ = {isa = PBXBuildFile; fileRef = A2DEBF472C3BD7A300DE14A9 /* MyZipListCollectionViewCell.swift */; };
		A2DEBF4C2C3BE1A600DE14A9 /* MyZipListHeaderView.swift in Sources */ = {isa = PBXBuildFile; fileRef = A2DEBF4B2C3BE1A600DE14A9 /* MyZipListHeaderView.swift */; };
		A2DEBF562C3D230F00DE14A9 /* BaseCollectionReusableView.swift in Sources */ = {isa = PBXBuildFile; fileRef = A2DEBF552C3D230F00DE14A9 /* BaseCollectionReusableView.swift */; };
		A2DEBF5A2C3D25A800DE14A9 /* ReportViewController.swift in Sources */ = {isa = PBXBuildFile; fileRef = A2DEBF592C3D25A800DE14A9 /* ReportViewController.swift */; };
		A2DEBF5C2C3D2F6700DE14A9 /* ReportCompositionalLayoutFactory.swift in Sources */ = {isa = PBXBuildFile; fileRef = A2DEBF5B2C3D2F6600DE14A9 /* ReportCompositionalLayoutFactory.swift */; };
		A2DEBF602C3D67CA00DE14A9 /* CategoryCollectionViewCell.swift in Sources */ = {isa = PBXBuildFile; fileRef = A2DEBF5F2C3D67CA00DE14A9 /* CategoryCollectionViewCell.swift */; };
		A2DEBF622C3D67D400DE14A9 /* SelectImageCollectionViewCell.swift in Sources */ = {isa = PBXBuildFile; fileRef = A2DEBF612C3D67D400DE14A9 /* SelectImageCollectionViewCell.swift */; };
		A2DEBF642C3D67DE00DE14A9 /* MenuCollectionViewCell.swift in Sources */ = {isa = PBXBuildFile; fileRef = A2DEBF632C3D67DE00DE14A9 /* MenuCollectionViewCell.swift */; };
		A2DEBF762C3DBEEB00DE14A9 /* ReportHeaderView.swift in Sources */ = {isa = PBXBuildFile; fileRef = A2DEBF752C3DBEEB00DE14A9 /* ReportHeaderView.swift */; };
		A2DEBF782C3E700A00DE14A9 /* AddMenuCollectionViewCell.swift in Sources */ = {isa = PBXBuildFile; fileRef = A2DEBF772C3E700A00DE14A9 /* AddMenuCollectionViewCell.swift */; };
		A2F27BE32C34EED1001E6514 /* Pretendard-Bold.otf in Resources */ = {isa = PBXBuildFile; fileRef = A2B5423D2C32A29300A6B225 /* Pretendard-Bold.otf */; };
		A2F27BE42C34EED4001E6514 /* Pretendard-SemiBold.otf in Resources */ = {isa = PBXBuildFile; fileRef = A2B5423C2C32A29300A6B225 /* Pretendard-SemiBold.otf */; };
		A2F27BE52C34EED6001E6514 /* Pretendard-Medium.otf in Resources */ = {isa = PBXBuildFile; fileRef = A2B5423F2C32A29400A6B225 /* Pretendard-Medium.otf */; };
		A2F27BE62C34EED9001E6514 /* Pretendard-Regular.otf in Resources */ = {isa = PBXBuildFile; fileRef = A2B5423B2C32A29300A6B225 /* Pretendard-Regular.otf */; };
		A2F27BFF2C3500DB001E6514 /* SUITE-SemiBold.otf in Resources */ = {isa = PBXBuildFile; fileRef = A2F27BFB2C3500DB001E6514 /* SUITE-SemiBold.otf */; };
		A2F27C002C3500DB001E6514 /* SUITE-Bold.otf in Resources */ = {isa = PBXBuildFile; fileRef = A2F27BFC2C3500DB001E6514 /* SUITE-Bold.otf */; };
		A2F27C012C3500DB001E6514 /* SUITE-Regular.otf in Resources */ = {isa = PBXBuildFile; fileRef = A2F27BFD2C3500DB001E6514 /* SUITE-Regular.otf */; };
		A2F27C022C3500DB001E6514 /* SUITE-Medium.otf in Resources */ = {isa = PBXBuildFile; fileRef = A2F27BFE2C3500DB001E6514 /* SUITE-Medium.otf */; };
		A2F27C042C353AEF001E6514 /* BaseView.swift in Sources */ = {isa = PBXBuildFile; fileRef = A2F27C032C353AEF001E6514 /* BaseView.swift */; };
		A2FF94102C31660E001ADA03 /* BaseTableViewCell.swift in Sources */ = {isa = PBXBuildFile; fileRef = A2FF940C2C31660E001ADA03 /* BaseTableViewCell.swift */; };
		A2FF94112C31660E001ADA03 /* BaseModel.swift in Sources */ = {isa = PBXBuildFile; fileRef = A2FF940D2C31660E001ADA03 /* BaseModel.swift */; };
		A2FF94122C31660E001ADA03 /* BaseViewController.swift in Sources */ = {isa = PBXBuildFile; fileRef = A2FF940E2C31660E001ADA03 /* BaseViewController.swift */; };
		A2FF94132C31660E001ADA03 /* BaseCollectionViewCell.swift in Sources */ = {isa = PBXBuildFile; fileRef = A2FF940F2C31660E001ADA03 /* BaseCollectionViewCell.swift */; };
/* End PBXBuildFile section */

/* Begin PBXFileReference section */
		8302853A2C415BBD0004D9F7 /* TotalListCollectionViewCell.swift */ = {isa = PBXFileReference; fileEncoding = 4; lastKnownFileType = sourcecode.swift; name = TotalListCollectionViewCell.swift; path = Cell/TotalListCollectionViewCell.swift; sourceTree = "<group>"; };
		8302F8D92C3D2C84004ADAA4 /* Config.swift */ = {isa = PBXFileReference; lastKnownFileType = sourcecode.swift; path = Config.swift; sourceTree = "<group>"; };
		8302F8DC2C3D6C0B004ADAA4 /* TotalListBottomSheetController.swift */ = {isa = PBXFileReference; lastKnownFileType = sourcecode.swift; path = TotalListBottomSheetController.swift; sourceTree = "<group>"; };
		8302F8E02C3DB43D004ADAA4 /* TotalListBottomSheetView.swift */ = {isa = PBXFileReference; lastKnownFileType = sourcecode.swift; path = TotalListBottomSheetView.swift; sourceTree = "<group>"; };
		8302F8E22C3DBB48004ADAA4 /* TotalListModel.swift */ = {isa = PBXFileReference; lastKnownFileType = sourcecode.swift; path = TotalListModel.swift; sourceTree = "<group>"; };
		8302F8E62C3E991F004ADAA4 /* TypeCollectionViewCell.swift */ = {isa = PBXFileReference; lastKnownFileType = sourcecode.swift; path = TypeCollectionViewCell.swift; sourceTree = "<group>"; };
		8302F8EA2C3EBF77004ADAA4 /* TypeCollectionView.swift */ = {isa = PBXFileReference; lastKnownFileType = sourcecode.swift; path = TypeCollectionView.swift; sourceTree = "<group>"; };
		8302F8EC2C3F039F004ADAA4 /* FilteringModel.swift */ = {isa = PBXFileReference; lastKnownFileType = sourcecode.swift; path = FilteringModel.swift; sourceTree = "<group>"; };
		832546EB2C3F28F900B8C3DC /* DropDownView.swift */ = {isa = PBXFileReference; lastKnownFileType = sourcecode.swift; path = DropDownView.swift; sourceTree = "<group>"; };
		838BEB022C38196300AAA153 /* TabBarItem.swift */ = {isa = PBXFileReference; lastKnownFileType = sourcecode.swift; path = TabBarItem.swift; sourceTree = "<group>"; };
		838BEB042C382B0700AAA153 /* TabBarController.swift */ = {isa = PBXFileReference; lastKnownFileType = sourcecode.swift; path = TabBarController.swift; sourceTree = "<group>"; };
		838D09D42C329A0A001400A4 /* Colors.xcassets */ = {isa = PBXFileReference; lastKnownFileType = folder.assetcatalog; path = Colors.xcassets; sourceTree = "<group>"; };
		83A23A412C4010AA00A71ECE /* ButtonType.swift */ = {isa = PBXFileReference; lastKnownFileType = sourcecode.swift; path = ButtonType.swift; sourceTree = "<group>"; };
		83DA28952C3851BB004819FA /* HankkiNavigationType.swift */ = {isa = PBXFileReference; lastKnownFileType = sourcecode.swift; path = HankkiNavigationType.swift; sourceTree = "<group>"; };
		83DA28972C3852C5004819FA /* HankkiNavigationController.swift */ = {isa = PBXFileReference; lastKnownFileType = sourcecode.swift; path = HankkiNavigationController.swift; sourceTree = "<group>"; };
		83DBED722C255A180042BA48 /* Hankkijogbo.app */ = {isa = PBXFileReference; explicitFileType = wrapper.application; includeInIndex = 0; path = Hankkijogbo.app; sourceTree = BUILT_PRODUCTS_DIR; };
		83DBED752C255A180042BA48 /* AppDelegate.swift */ = {isa = PBXFileReference; lastKnownFileType = sourcecode.swift; path = AppDelegate.swift; sourceTree = "<group>"; };
		83DBED772C255A180042BA48 /* SceneDelegate.swift */ = {isa = PBXFileReference; lastKnownFileType = sourcecode.swift; path = SceneDelegate.swift; sourceTree = "<group>"; };
		83DBED792C255A180042BA48 /* ViewController.swift */ = {isa = PBXFileReference; lastKnownFileType = sourcecode.swift; path = ViewController.swift; sourceTree = "<group>"; };
		83DBED7E2C255A1A0042BA48 /* Assets.xcassets */ = {isa = PBXFileReference; lastKnownFileType = folder.assetcatalog; path = Assets.xcassets; sourceTree = "<group>"; };
		83DBED812C255A1A0042BA48 /* Base */ = {isa = PBXFileReference; lastKnownFileType = file.storyboard; name = Base; path = Base.lproj/LaunchScreen.storyboard; sourceTree = "<group>"; };
		83DBED832C255A1A0042BA48 /* Info.plist */ = {isa = PBXFileReference; lastKnownFileType = text.plist.xml; name = Info.plist; path = "Hankkijogbo/Global/Supporting Files/Info.plist"; sourceTree = SOURCE_ROOT; };
		83DBED912C2564990042BA48 /* HomeViewModel.swift */ = {isa = PBXFileReference; lastKnownFileType = sourcecode.swift; path = HomeViewModel.swift; sourceTree = "<group>"; };
		83DBED932C2564A20042BA48 /* HomeView.swift */ = {isa = PBXFileReference; lastKnownFileType = sourcecode.swift; path = HomeView.swift; sourceTree = "<group>"; };
		83DBED952C2564AC0042BA48 /* HomeViewController.swift */ = {isa = PBXFileReference; lastKnownFileType = sourcecode.swift; path = HomeViewController.swift; sourceTree = "<group>"; };
		83DBED972C2564B40042BA48 /* HomeModel.swift */ = {isa = PBXFileReference; lastKnownFileType = sourcecode.swift; path = HomeModel.swift; sourceTree = "<group>"; };
		83DBED9D2C2565150042BA48 /* response.swift */ = {isa = PBXFileReference; lastKnownFileType = sourcecode.swift; path = response.swift; sourceTree = "<group>"; };
		83DBED9F2C25651C0042BA48 /* request.swift */ = {isa = PBXFileReference; lastKnownFileType = sourcecode.swift; path = request.swift; sourceTree = "<group>"; };
		83DBEDA12C2565340042BA48 /* HomeAPIService.swift */ = {isa = PBXFileReference; lastKnownFileType = sourcecode.swift; path = HomeAPIService.swift; sourceTree = "<group>"; };
		83DBEDA32C25653F0042BA48 /* HomeTargetType.swift */ = {isa = PBXFileReference; lastKnownFileType = sourcecode.swift; path = HomeTargetType.swift; sourceTree = "<group>"; };
		83DBEDAF2C2566120042BA48 /* UIStackView+.swift */ = {isa = PBXFileReference; lastKnownFileType = sourcecode.swift; path = "UIStackView+.swift"; sourceTree = "<group>"; };
		83DBEDB12C2566230042BA48 /* ImageLiterals.swift */ = {isa = PBXFileReference; lastKnownFileType = sourcecode.swift; path = ImageLiterals.swift; sourceTree = "<group>"; };
		83DBEDB32C2566300042BA48 /* StringLiterals.swift */ = {isa = PBXFileReference; lastKnownFileType = sourcecode.swift; path = StringLiterals.swift; sourceTree = "<group>"; };
		83DBEDB52C2566380042BA48 /* FontLiterals.swift */ = {isa = PBXFileReference; lastKnownFileType = sourcecode.swift; path = FontLiterals.swift; sourceTree = "<group>"; };
		83DBEDB82C25666E0042BA48 /* MainButton.swift */ = {isa = PBXFileReference; lastKnownFileType = sourcecode.swift; path = MainButton.swift; sourceTree = "<group>"; };
		83DBEDBA2C2566830042BA48 /* AuthenticationAdapterProtocol.swift */ = {isa = PBXFileReference; lastKnownFileType = sourcecode.swift; path = AuthenticationAdapterProtocol.swift; sourceTree = "<group>"; };
		83DBEDC52C256A7A0042BA48 /* UIView+.swift */ = {isa = PBXFileReference; lastKnownFileType = sourcecode.swift; path = "UIView+.swift"; sourceTree = "<group>"; };
		83DBEDC72C256AD00042BA48 /* NSObject+.swift */ = {isa = PBXFileReference; lastKnownFileType = sourcecode.swift; path = "NSObject+.swift"; sourceTree = "<group>"; };
		83DBEDC92C256AE70042BA48 /* UIViewController+.swift */ = {isa = PBXFileReference; lastKnownFileType = sourcecode.swift; path = "UIViewController+.swift"; sourceTree = "<group>"; };
		83DBEDCB2C256B080042BA48 /* UILabel+.swift */ = {isa = PBXFileReference; lastKnownFileType = sourcecode.swift; path = "UILabel+.swift"; sourceTree = "<group>"; };
		83DBEDCD2C256B180042BA48 /* UIButton+.swift */ = {isa = PBXFileReference; lastKnownFileType = sourcecode.swift; path = "UIButton+.swift"; sourceTree = "<group>"; };
		83DBEDCF2C256B4C0042BA48 /* UITextField+.swift */ = {isa = PBXFileReference; lastKnownFileType = sourcecode.swift; path = "UITextField+.swift"; sourceTree = "<group>"; };
		83DBEDD12C256B7A0042BA48 /* UIColor+.swift */ = {isa = PBXFileReference; lastKnownFileType = sourcecode.swift; path = "UIColor+.swift"; sourceTree = "<group>"; };
		861704F62C38304D00D99E50 /* AlertViewController.swift */ = {isa = PBXFileReference; lastKnownFileType = sourcecode.swift; path = AlertViewController.swift; sourceTree = "<group>"; };
		864A89BB2C3B350900140B63 /* AlertStyle.swift */ = {isa = PBXFileReference; lastKnownFileType = sourcecode.swift; path = AlertStyle.swift; sourceTree = "<group>"; };
		864FA9022C3D1F7B0051EA36 /* MypageViewController.swift */ = {isa = PBXFileReference; lastKnownFileType = sourcecode.swift; path = MypageViewController.swift; sourceTree = "<group>"; };
		864FA9052C3D20150051EA36 /* MypageHankkiCollectionViewCell.swift */ = {isa = PBXFileReference; lastKnownFileType = sourcecode.swift; path = MypageHankkiCollectionViewCell.swift; sourceTree = "<group>"; };
		864FA9072C3D20560051EA36 /* MypageHeaderView.swift */ = {isa = PBXFileReference; lastKnownFileType = sourcecode.swift; path = MypageHeaderView.swift; sourceTree = "<group>"; };
		864FA9092C3D20910051EA36 /* MypageOptionCollectionViewCell.swift */ = {isa = PBXFileReference; lastKnownFileType = sourcecode.swift; path = MypageOptionCollectionViewCell.swift; sourceTree = "<group>"; };
		864FA90B2C3D20BE0051EA36 /* MypageQuitFooterView.swift */ = {isa = PBXFileReference; lastKnownFileType = sourcecode.swift; path = MypageQuitFooterView.swift; sourceTree = "<group>"; };
		864FA90D2C3D20FF0051EA36 /* MypageZipCollectionViewCell.swift */ = {isa = PBXFileReference; lastKnownFileType = sourcecode.swift; path = MypageZipCollectionViewCell.swift; sourceTree = "<group>"; };
		864FA9112C3D34B80051EA36 /* MypageCollectionViewCellEnum.swift */ = {isa = PBXFileReference; lastKnownFileType = sourcecode.swift; path = MypageCollectionViewCellEnum.swift; sourceTree = "<group>"; };
		864FA91B2C3D63400051EA36 /* BottomButtonView.swift */ = {isa = PBXFileReference; lastKnownFileType = sourcecode.swift; path = BottomButtonView.swift; sourceTree = "<group>"; };
		86685C512C3BC67D00C080C4 /* UnivSelectViewModel.swift */ = {isa = PBXFileReference; lastKnownFileType = sourcecode.swift; path = UnivSelectViewModel.swift; sourceTree = "<group>"; };
		86685C532C3BC68900C080C4 /* UnivSelectViewController.swift */ = {isa = PBXFileReference; lastKnownFileType = sourcecode.swift; path = UnivSelectViewController.swift; sourceTree = "<group>"; };
		86685C572C3BD89500C080C4 /* UnivCollectionViewCell.swift */ = {isa = PBXFileReference; lastKnownFileType = sourcecode.swift; path = UnivCollectionViewCell.swift; sourceTree = "<group>"; };
		86784E8A2C3FC0CD00E94A5D /* CreateZipViewController.swift */ = {isa = PBXFileReference; lastKnownFileType = sourcecode.swift; path = CreateZipViewController.swift; sourceTree = "<group>"; };
		86784E8E2C4021E200E94A5D /* TagTextField.swift */ = {isa = PBXFileReference; lastKnownFileType = sourcecode.swift; path = TagTextField.swift; sourceTree = "<group>"; };
		86B761132C3DC79F00413059 /* ZipListViewController.swift */ = {isa = PBXFileReference; lastKnownFileType = sourcecode.swift; path = ZipListViewController.swift; sourceTree = "<group>"; };
		86B761152C3DC7AB00413059 /* ZipListCollectionViewCell.swift */ = {isa = PBXFileReference; lastKnownFileType = sourcecode.swift; path = ZipListCollectionViewCell.swift; sourceTree = "<group>"; };
		86B7611B2C3DE04200413059 /* HankkiListViewController.swift */ = {isa = PBXFileReference; lastKnownFileType = sourcecode.swift; path = HankkiListViewController.swift; sourceTree = "<group>"; };
		86B7611E2C3DE05800413059 /* HankkiListTableViewCell.swift */ = {isa = PBXFileReference; lastKnownFileType = sourcecode.swift; path = HankkiListTableViewCell.swift; sourceTree = "<group>"; };
		86B761202C3DF60800413059 /* ZipHeaderTableView.swift */ = {isa = PBXFileReference; lastKnownFileType = sourcecode.swift; path = ZipHeaderTableView.swift; sourceTree = "<group>"; };
		86B761222C3EC87A00413059 /* ZipListCollectionViewCellDataStruct.swift */ = {isa = PBXFileReference; lastKnownFileType = sourcecode.swift; path = ZipListCollectionViewCellDataStruct.swift; sourceTree = "<group>"; };
		86B7612F2C3EEDEE00413059 /* HankkiListViewControllerType.swift */ = {isa = PBXFileReference; lastKnownFileType = sourcecode.swift; path = HankkiListViewControllerType.swift; sourceTree = "<group>"; };
		86B761312C3F12B300413059 /* HankkiListTableViewCellDataStruct.swift */ = {isa = PBXFileReference; lastKnownFileType = sourcecode.swift; path = HankkiListTableViewCellDataStruct.swift; sourceTree = "<group>"; };
		A22D20C62C3162C9001AFAC6 /* .swiftlint.yml */ = {isa = PBXFileReference; lastKnownFileType = text.yaml; path = .swiftlint.yml; sourceTree = "<group>"; };
		A240EA072C3EF6E0000FF458 /* BufferView.swift */ = {isa = PBXFileReference; lastKnownFileType = sourcecode.swift; path = BufferView.swift; sourceTree = "<group>"; };
		A240EA0B2C3EFD77000FF458 /* CompositionalLayoutFactory.swift */ = {isa = PBXFileReference; lastKnownFileType = sourcecode.swift; path = CompositionalLayoutFactory.swift; sourceTree = "<group>"; };
		A240EA182C3F35BC000FF458 /* SearchBarCollectionViewCell.swift */ = {isa = PBXFileReference; fileEncoding = 4; lastKnownFileType = sourcecode.swift; path = SearchBarCollectionViewCell.swift; sourceTree = "<group>"; };
		A240EA1A2C3F35C8000FF458 /* SearchCollectionViewCell.swift */ = {isa = PBXFileReference; lastKnownFileType = sourcecode.swift; name = SearchCollectionViewCell.swift; path = Hankkijogbo/Present/Report/Search/View/SearchCollectionViewCell.swift; sourceTree = SOURCE_ROOT; };
		A240EA1C2C3F35CB000FF458 /* SearchViewController.swift */ = {isa = PBXFileReference; lastKnownFileType = sourcecode.swift; name = SearchViewController.swift; path = Hankkijogbo/Present/Report/Search/View/SearchViewController.swift; sourceTree = SOURCE_ROOT; };
		A240EA212C403E91000FF458 /* ImageCollectionViewCell.swift */ = {isa = PBXFileReference; lastKnownFileType = sourcecode.swift; path = ImageCollectionViewCell.swift; sourceTree = "<group>"; };
		A240EA232C412759000FF458 /* UICollectionView+.swift */ = {isa = PBXFileReference; lastKnownFileType = sourcecode.swift; path = "UICollectionView+.swift"; sourceTree = "<group>"; };
		A240EA252C4176FF000FF458 /* String+.swift */ = {isa = PBXFileReference; lastKnownFileType = sourcecode.swift; path = "String+.swift"; sourceTree = "<group>"; };
		A240EA292C41BE98000FF458 /* Config.xcconfig */ = {isa = PBXFileReference; fileEncoding = 4; lastKnownFileType = text.xcconfig; name = Config.xcconfig; path = Hankkijogbo/Global/Resources/Config.xcconfig; sourceTree = SOURCE_ROOT; };
		A240EA2C2C41BF2E000FF458 /* ReportCompleteViewController.swift */ = {isa = PBXFileReference; lastKnownFileType = sourcecode.swift; path = ReportCompleteViewController.swift; sourceTree = "<group>"; };
		A240EA2E2C41C053000FF458 /* HankkiInfoCardView.swift */ = {isa = PBXFileReference; lastKnownFileType = sourcecode.swift; path = HankkiInfoCardView.swift; sourceTree = "<group>"; };
		A2B5423B2C32A29300A6B225 /* Pretendard-Regular.otf */ = {isa = PBXFileReference; lastKnownFileType = file; path = "Pretendard-Regular.otf"; sourceTree = "<group>"; };
		A2B5423C2C32A29300A6B225 /* Pretendard-SemiBold.otf */ = {isa = PBXFileReference; lastKnownFileType = file; path = "Pretendard-SemiBold.otf"; sourceTree = "<group>"; };
		A2B5423D2C32A29300A6B225 /* Pretendard-Bold.otf */ = {isa = PBXFileReference; lastKnownFileType = file; path = "Pretendard-Bold.otf"; sourceTree = "<group>"; };
		A2B5423F2C32A29400A6B225 /* Pretendard-Medium.otf */ = {isa = PBXFileReference; lastKnownFileType = file; path = "Pretendard-Medium.otf"; sourceTree = "<group>"; };
		A2B542422C32AF7500A6B225 /* UIFont+.swift */ = {isa = PBXFileReference; lastKnownFileType = sourcecode.swift; path = "UIFont+.swift"; sourceTree = "<group>"; };
		A2B599172C39B5C8004B7E4E /* BlackToastView.swift */ = {isa = PBXFileReference; lastKnownFileType = sourcecode.swift; path = BlackToastView.swift; sourceTree = "<group>"; };
		A2B5991F2C3B5470004B7E4E /* WhiteToastView.swift */ = {isa = PBXFileReference; lastKnownFileType = sourcecode.swift; path = WhiteToastView.swift; sourceTree = "<group>"; };
		A2DEBF442C3BD0DD00DE14A9 /* UIScreen+.swift */ = {isa = PBXFileReference; lastKnownFileType = sourcecode.swift; path = "UIScreen+.swift"; sourceTree = "<group>"; };
		A2DEBF462C3BD7A300DE14A9 /* MyZipListBottomSheetViewController.swift */ = {isa = PBXFileReference; fileEncoding = 4; lastKnownFileType = sourcecode.swift; path = MyZipListBottomSheetViewController.swift; sourceTree = "<group>"; };
		A2DEBF472C3BD7A300DE14A9 /* MyZipListCollectionViewCell.swift */ = {isa = PBXFileReference; fileEncoding = 4; lastKnownFileType = sourcecode.swift; path = MyZipListCollectionViewCell.swift; sourceTree = "<group>"; };
		A2DEBF4B2C3BE1A600DE14A9 /* MyZipListHeaderView.swift */ = {isa = PBXFileReference; lastKnownFileType = sourcecode.swift; path = MyZipListHeaderView.swift; sourceTree = "<group>"; };
		A2DEBF552C3D230F00DE14A9 /* BaseCollectionReusableView.swift */ = {isa = PBXFileReference; lastKnownFileType = sourcecode.swift; path = BaseCollectionReusableView.swift; sourceTree = "<group>"; };
		A2DEBF592C3D25A800DE14A9 /* ReportViewController.swift */ = {isa = PBXFileReference; lastKnownFileType = sourcecode.swift; path = ReportViewController.swift; sourceTree = "<group>"; };
		A2DEBF5B2C3D2F6600DE14A9 /* ReportCompositionalLayoutFactory.swift */ = {isa = PBXFileReference; lastKnownFileType = sourcecode.swift; path = ReportCompositionalLayoutFactory.swift; sourceTree = "<group>"; };
		A2DEBF5F2C3D67CA00DE14A9 /* CategoryCollectionViewCell.swift */ = {isa = PBXFileReference; lastKnownFileType = sourcecode.swift; path = CategoryCollectionViewCell.swift; sourceTree = "<group>"; };
		A2DEBF612C3D67D400DE14A9 /* SelectImageCollectionViewCell.swift */ = {isa = PBXFileReference; lastKnownFileType = sourcecode.swift; path = SelectImageCollectionViewCell.swift; sourceTree = "<group>"; };
		A2DEBF632C3D67DE00DE14A9 /* MenuCollectionViewCell.swift */ = {isa = PBXFileReference; lastKnownFileType = sourcecode.swift; path = MenuCollectionViewCell.swift; sourceTree = "<group>"; };
		A2DEBF6B2C3D805B00DE14A9 /* Pods-Hankkijogbo.debug.xcconfig */ = {isa = PBXFileReference; lastKnownFileType = text.xcconfig; name = "Pods-Hankkijogbo.debug.xcconfig"; path = "Target Support Files/Pods-Hankkijogbo/Pods-Hankkijogbo.debug.xcconfig"; sourceTree = "<group>"; };
		A2DEBF6C2C3D806400DE14A9 /* Pods-Hankkijogbo.release.xcconfig */ = {isa = PBXFileReference; lastKnownFileType = text.xcconfig; name = "Pods-Hankkijogbo.release.xcconfig"; path = "Target Support Files/Pods-Hankkijogbo/Pods-Hankkijogbo.release.xcconfig"; sourceTree = "<group>"; };
		A2DEBF752C3DBEEB00DE14A9 /* ReportHeaderView.swift */ = {isa = PBXFileReference; lastKnownFileType = sourcecode.swift; path = ReportHeaderView.swift; sourceTree = "<group>"; };
		A2DEBF772C3E700A00DE14A9 /* AddMenuCollectionViewCell.swift */ = {isa = PBXFileReference; lastKnownFileType = sourcecode.swift; path = AddMenuCollectionViewCell.swift; sourceTree = "<group>"; };
		A2F27BFB2C3500DB001E6514 /* SUITE-SemiBold.otf */ = {isa = PBXFileReference; lastKnownFileType = file; path = "SUITE-SemiBold.otf"; sourceTree = "<group>"; };
		A2F27BFC2C3500DB001E6514 /* SUITE-Bold.otf */ = {isa = PBXFileReference; lastKnownFileType = file; path = "SUITE-Bold.otf"; sourceTree = "<group>"; };
		A2F27BFD2C3500DB001E6514 /* SUITE-Regular.otf */ = {isa = PBXFileReference; lastKnownFileType = file; path = "SUITE-Regular.otf"; sourceTree = "<group>"; };
		A2F27BFE2C3500DB001E6514 /* SUITE-Medium.otf */ = {isa = PBXFileReference; lastKnownFileType = file; path = "SUITE-Medium.otf"; sourceTree = "<group>"; };
		A2F27C032C353AEF001E6514 /* BaseView.swift */ = {isa = PBXFileReference; lastKnownFileType = sourcecode.swift; path = BaseView.swift; sourceTree = "<group>"; };
		A2FF940C2C31660E001ADA03 /* BaseTableViewCell.swift */ = {isa = PBXFileReference; fileEncoding = 4; lastKnownFileType = sourcecode.swift; path = BaseTableViewCell.swift; sourceTree = "<group>"; };
		A2FF940D2C31660E001ADA03 /* BaseModel.swift */ = {isa = PBXFileReference; fileEncoding = 4; lastKnownFileType = sourcecode.swift; path = BaseModel.swift; sourceTree = "<group>"; };
		A2FF940E2C31660E001ADA03 /* BaseViewController.swift */ = {isa = PBXFileReference; fileEncoding = 4; lastKnownFileType = sourcecode.swift; path = BaseViewController.swift; sourceTree = "<group>"; };
		A2FF940F2C31660E001ADA03 /* BaseCollectionViewCell.swift */ = {isa = PBXFileReference; fileEncoding = 4; lastKnownFileType = sourcecode.swift; path = BaseCollectionViewCell.swift; sourceTree = "<group>"; };
		D5C76934102657091ADFC65F /* Pods_Hankkijogbo.framework */ = {isa = PBXFileReference; explicitFileType = wrapper.framework; includeInIndex = 0; path = Pods_Hankkijogbo.framework; sourceTree = BUILT_PRODUCTS_DIR; };
/* End PBXFileReference section */

/* Begin PBXFrameworksBuildPhase section */
		83DBED6F2C255A180042BA48 /* Frameworks */ = {
			isa = PBXFrameworksBuildPhase;
			buildActionMask = 2147483647;
			files = (
				83DBEDBE2C25698B0042BA48 /* Then in Frameworks */,
				83DBEDC12C2569A80042BA48 /* SnapKit in Frameworks */,
				83DBEDC42C256A3B0042BA48 /* Moya in Frameworks */,
				1605E7B481E50199F1F65BBE /* Pods_Hankkijogbo.framework in Frameworks */,
			);
			runOnlyForDeploymentPostprocessing = 0;
		};
/* End PBXFrameworksBuildPhase section */

/* Begin PBXGroup section */
		08119332DE381C9FDF7962D4 /* Pods */ = {
			isa = PBXGroup;
			children = (
				A2DEBF6B2C3D805B00DE14A9 /* Pods-Hankkijogbo.debug.xcconfig */,
				A2DEBF6C2C3D806400DE14A9 /* Pods-Hankkijogbo.release.xcconfig */,
			);
			path = Pods;
			sourceTree = "<group>";
		};
		8302F8E52C3E98DB004ADAA4 /* Cell */ = {
			isa = PBXGroup;
			children = (
				8302F8E62C3E991F004ADAA4 /* TypeCollectionViewCell.swift */,
				8302F8EA2C3EBF77004ADAA4 /* TypeCollectionView.swift */,
			);
			path = Cell;
			sourceTree = "<group>";
		};
		832546EA2C3F28D100B8C3DC /* HankkiDropDown */ = {
			isa = PBXGroup;
			children = (
				832546EB2C3F28F900B8C3DC /* DropDownView.swift */,
				83A23A412C4010AA00A71ECE /* ButtonType.swift */,
			);
			path = HankkiDropDown;
			sourceTree = "<group>";
		};
		838BEB012C38193800AAA153 /* TabBar */ = {
			isa = PBXGroup;
			children = (
				838BEB022C38196300AAA153 /* TabBarItem.swift */,
				838BEB042C382B0700AAA153 /* TabBarController.swift */,
			);
			path = TabBar;
			sourceTree = "<group>";
		};
		83DA28942C38519B004819FA /* HankkiNavigationController */ = {
			isa = PBXGroup;
			children = (
				83DA28952C3851BB004819FA /* HankkiNavigationType.swift */,
				83DA28972C3852C5004819FA /* HankkiNavigationController.swift */,
			);
			path = HankkiNavigationController;
			sourceTree = "<group>";
		};
		83DBED692C255A180042BA48 = {
			isa = PBXGroup;
			children = (
				83DBED742C255A180042BA48 /* Hankkijogbo */,
				83DBED732C255A180042BA48 /* Products */,
				08119332DE381C9FDF7962D4 /* Pods */,
				882504312247C1B21670BA58 /* Frameworks */,
			);
			sourceTree = "<group>";
		};
		83DBED732C255A180042BA48 /* Products */ = {
			isa = PBXGroup;
			children = (
				83DBED722C255A180042BA48 /* Hankkijogbo.app */,
			);
			name = Products;
			sourceTree = "<group>";
		};
		83DBED742C255A180042BA48 /* Hankkijogbo */ = {
			isa = PBXGroup;
			children = (
				A22D20C62C3162C9001AFAC6 /* .swiftlint.yml */,
				83DBED892C2564480042BA48 /* Application */,
				83DBED8C2C25646F0042BA48 /* Global */,
				83DBED8B2C2564670042BA48 /* Network */,
				83DBED8A2C25645B0042BA48 /* Present */,
			);
			path = Hankkijogbo;
			sourceTree = "<group>";
		};
		83DBED892C2564480042BA48 /* Application */ = {
			isa = PBXGroup;
			children = (
				83DBED772C255A180042BA48 /* SceneDelegate.swift */,
				83DBED752C255A180042BA48 /* AppDelegate.swift */,
			);
			path = Application;
			sourceTree = "<group>";
		};
		83DBED8A2C25645B0042BA48 /* Present */ = {
			isa = PBXGroup;
			children = (
				83DBED792C255A180042BA48 /* ViewController.swift */,
				A22D20C92C3165B6001AFAC6 /* Base */,
				86685C4D2C3BC63500C080C4 /* UnivSelect */,
				83DBED8D2C2564790042BA48 /* Home */,
				A2DEBF572C3D257100DE14A9 /* Report */,
				A2B599192C39D0BC004B7E4E /* MyZip */,
				864FA9002C3D1F650051EA36 /* Mypage */,
				86B761112C3DC76000413059 /* ZipList */,
				86784E882C3FC0B900E94A5D /* CreateZip */,
				86B761192C3DE03200413059 /* HankkiList */,
			);
			path = Present;
			sourceTree = "<group>";
		};
		83DBED8B2C2564670042BA48 /* Network */ = {
			isa = PBXGroup;
			children = (
				83DBED992C2564C50042BA48 /* Home */,
			);
			path = Network;
			sourceTree = "<group>";
		};
		83DBED8C2C25646F0042BA48 /* Global */ = {
			isa = PBXGroup;
			children = (
				83DBEDAA2C2565980042BA48 /* Protocols */,
				83DBEDA92C2565920042BA48 /* Components */,
				83DBEDA82C25658C0042BA48 /* Consts */,
				83DBEDA72C2565840042BA48 /* Extensions */,
				83DBEDA62C25657B0042BA48 /* Resources */,
				83DBEDA52C25656D0042BA48 /* Supporting Files */,
			);
			path = Global;
			sourceTree = "<group>";
		};
		83DBED8D2C2564790042BA48 /* Home */ = {
			isa = PBXGroup;
			children = (
				83DBED902C2564900042BA48 /* Model */,
				83DBED8F2C25648B0042BA48 /* View */,
				83DBED8E2C2564820042BA48 /* ViewModel */,
			);
			path = Home;
			sourceTree = "<group>";
		};
		83DBED8E2C2564820042BA48 /* ViewModel */ = {
			isa = PBXGroup;
			children = (
				83DBED912C2564990042BA48 /* HomeViewModel.swift */,
			);
			path = ViewModel;
			sourceTree = "<group>";
		};
		83DBED8F2C25648B0042BA48 /* View */ = {
			isa = PBXGroup;
			children = (
				8302F8E52C3E98DB004ADAA4 /* Cell */,
				83DBED932C2564A20042BA48 /* HomeView.swift */,
				83DBED952C2564AC0042BA48 /* HomeViewController.swift */,
				8302F8DC2C3D6C0B004ADAA4 /* TotalListBottomSheetController.swift */,
				8302F8E02C3DB43D004ADAA4 /* TotalListBottomSheetView.swift */,
				8302853A2C415BBD0004D9F7 /* TotalListCollectionViewCell.swift */,
			);
			path = View;
			sourceTree = "<group>";
		};
		83DBED902C2564900042BA48 /* Model */ = {
			isa = PBXGroup;
			children = (
				83DBED972C2564B40042BA48 /* HomeModel.swift */,
				8302F8E22C3DBB48004ADAA4 /* TotalListModel.swift */,
				8302F8EC2C3F039F004ADAA4 /* FilteringModel.swift */,
			);
			path = Model;
			sourceTree = "<group>";
		};
		83DBED992C2564C50042BA48 /* Home */ = {
			isa = PBXGroup;
			children = (
				83DBED9A2C2564D80042BA48 /* DTO */,
				83DBEDA32C25653F0042BA48 /* HomeTargetType.swift */,
				83DBEDA12C2565340042BA48 /* HomeAPIService.swift */,
			);
			path = Home;
			sourceTree = "<group>";
		};
		83DBED9A2C2564D80042BA48 /* DTO */ = {
			isa = PBXGroup;
			children = (
				83DBED9B2C2564F70042BA48 /* Request */,
				83DBED9C2C2564FD0042BA48 /* Response */,
			);
			path = DTO;
			sourceTree = "<group>";
		};
		83DBED9B2C2564F70042BA48 /* Request */ = {
			isa = PBXGroup;
			children = (
				83DBED9F2C25651C0042BA48 /* request.swift */,
			);
			path = Request;
			sourceTree = "<group>";
		};
		83DBED9C2C2564FD0042BA48 /* Response */ = {
			isa = PBXGroup;
			children = (
				83DBED9D2C2565150042BA48 /* response.swift */,
			);
			path = Response;
			sourceTree = "<group>";
		};
		83DBEDA52C25656D0042BA48 /* Supporting Files */ = {
			isa = PBXGroup;
			children = (
				83DBED832C255A1A0042BA48 /* Info.plist */,
			);
			path = "Supporting Files";
			sourceTree = "<group>";
		};
		83DBEDA62C25657B0042BA48 /* Resources */ = {
			isa = PBXGroup;
			children = (
				A240EA292C41BE98000FF458 /* Config.xcconfig */,
				8302F8D92C3D2C84004ADAA4 /* Config.swift */,
				83DBEDAE2C2565E10042BA48 /* Assets */,
				83DBEDAB2C2565B20042BA48 /* Fonts */,
				83DBED802C255A1A0042BA48 /* LaunchScreen.storyboard */,
			);
			path = Resources;
			sourceTree = "<group>";
		};
		83DBEDA72C2565840042BA48 /* Extensions */ = {
			isa = PBXGroup;
			children = (
				83DBEDC72C256AD00042BA48 /* NSObject+.swift */,
				A2DEBF442C3BD0DD00DE14A9 /* UIScreen+.swift */,
				83DBEDD12C256B7A0042BA48 /* UIColor+.swift */,
				A2B542422C32AF7500A6B225 /* UIFont+.swift */,
				83DBEDC52C256A7A0042BA48 /* UIView+.swift */,
				83DBEDAF2C2566120042BA48 /* UIStackView+.swift */,
				A240EA232C412759000FF458 /* UICollectionView+.swift */,
				83DBEDC92C256AE70042BA48 /* UIViewController+.swift */,
				83DBEDCB2C256B080042BA48 /* UILabel+.swift */,
				83DBEDCD2C256B180042BA48 /* UIButton+.swift */,
				83DBEDCF2C256B4C0042BA48 /* UITextField+.swift */,
				A240EA252C4176FF000FF458 /* String+.swift */,
			);
			path = Extensions;
			sourceTree = "<group>";
		};
		83DBEDA82C25658C0042BA48 /* Consts */ = {
			isa = PBXGroup;
			children = (
				83DBEDB12C2566230042BA48 /* ImageLiterals.swift */,
				83DBEDB32C2566300042BA48 /* StringLiterals.swift */,
				83DBEDB52C2566380042BA48 /* FontLiterals.swift */,
			);
			path = Consts;
			sourceTree = "<group>";
		};
		83DBEDA92C2565920042BA48 /* Components */ = {
			isa = PBXGroup;
			children = (
				A240EA0A2C3EFD54000FF458 /* HankkiCompositionalLayout */,
				A240EA092C3EF712000FF458 /* HankkiReusableView */,
				832546EA2C3F28D100B8C3DC /* HankkiDropDown */,
				A2B599162C39B497004B7E4E /* HankkiToasts */,
				861704F52C38303300D99E50 /* HankkiAlerts */,
				83DA28942C38519B004819FA /* HankkiNavigationController */,
				838BEB012C38193800AAA153 /* TabBar */,
				83DBEDB72C25664A0042BA48 /* HankkiButtons */,
			);
			path = Components;
			sourceTree = "<group>";
		};
		83DBEDAA2C2565980042BA48 /* Protocols */ = {
			isa = PBXGroup;
			children = (
				83DBEDBA2C2566830042BA48 /* AuthenticationAdapterProtocol.swift */,
			);
			path = Protocols;
			sourceTree = "<group>";
		};
		83DBEDAB2C2565B20042BA48 /* Fonts */ = {
			isa = PBXGroup;
			children = (
				A2B542382C32A29300A6B225 /* Pretendard */,
				A2B542252C32A26600A6B225 /* SUITE */,
			);
			path = Fonts;
			sourceTree = "<group>";
		};
		83DBEDAE2C2565E10042BA48 /* Assets */ = {
			isa = PBXGroup;
			children = (
				83DBED7E2C255A1A0042BA48 /* Assets.xcassets */,
				838D09D42C329A0A001400A4 /* Colors.xcassets */,
			);
			path = Assets;
			sourceTree = "<group>";
		};
		83DBEDB72C25664A0042BA48 /* HankkiButtons */ = {
			isa = PBXGroup;
			children = (
				83DBEDB82C25666E0042BA48 /* MainButton.swift */,
				864FA91B2C3D63400051EA36 /* BottomButtonView.swift */,
			);
			path = HankkiButtons;
			sourceTree = "<group>";
		};
		861704F52C38303300D99E50 /* HankkiAlerts */ = {
			isa = PBXGroup;
			children = (
				861704F62C38304D00D99E50 /* AlertViewController.swift */,
				864A89BB2C3B350900140B63 /* AlertStyle.swift */,
			);
			path = HankkiAlerts;
			sourceTree = "<group>";
		};
		864FA9002C3D1F650051EA36 /* Mypage */ = {
			isa = PBXGroup;
			children = (
				864FA9012C3D1F700051EA36 /* View */,
			);
			path = Mypage;
			sourceTree = "<group>";
		};
		864FA9012C3D1F700051EA36 /* View */ = {
			isa = PBXGroup;
			children = (
				864FA9042C3D20030051EA36 /* Cell */,
				864FA9022C3D1F7B0051EA36 /* MypageViewController.swift */,
				864FA9112C3D34B80051EA36 /* MypageCollectionViewCellEnum.swift */,
			);
			path = View;
			sourceTree = "<group>";
		};
		864FA9042C3D20030051EA36 /* Cell */ = {
			isa = PBXGroup;
			children = (
				864FA9052C3D20150051EA36 /* MypageHankkiCollectionViewCell.swift */,
				864FA9072C3D20560051EA36 /* MypageHeaderView.swift */,
				864FA9092C3D20910051EA36 /* MypageOptionCollectionViewCell.swift */,
				864FA90B2C3D20BE0051EA36 /* MypageQuitFooterView.swift */,
				864FA90D2C3D20FF0051EA36 /* MypageZipCollectionViewCell.swift */,
			);
			path = Cell;
			sourceTree = "<group>";
		};
		86685C4D2C3BC63500C080C4 /* UnivSelect */ = {
			isa = PBXGroup;
			children = (
				86685C502C3BC65F00C080C4 /* ViewModel */,
				86685C4F2C3BC65B00C080C4 /* View */,
			);
			path = UnivSelect;
			sourceTree = "<group>";
		};
		86685C4F2C3BC65B00C080C4 /* View */ = {
			isa = PBXGroup;
			children = (
				86685C532C3BC68900C080C4 /* UnivSelectViewController.swift */,
				86685C572C3BD89500C080C4 /* UnivCollectionViewCell.swift */,
			);
			path = View;
			sourceTree = "<group>";
		};
		86685C502C3BC65F00C080C4 /* ViewModel */ = {
			isa = PBXGroup;
			children = (
				86685C512C3BC67D00C080C4 /* UnivSelectViewModel.swift */,
			);
			path = ViewModel;
			sourceTree = "<group>";
		};
		86784E882C3FC0B900E94A5D /* CreateZip */ = {
			isa = PBXGroup;
			children = (
				86784E892C3FC0C100E94A5D /* View */,
			);
			path = CreateZip;
			sourceTree = "<group>";
		};
		86784E892C3FC0C100E94A5D /* View */ = {
			isa = PBXGroup;
			children = (
				86784E8A2C3FC0CD00E94A5D /* CreateZipViewController.swift */,
				86784E8E2C4021E200E94A5D /* TagTextField.swift */,
			);
			path = View;
			sourceTree = "<group>";
		};
		86B761112C3DC76000413059 /* ZipList */ = {
			isa = PBXGroup;
			children = (
				86B761122C3DC79200413059 /* View */,
			);
			path = ZipList;
			sourceTree = "<group>";
		};
		86B761122C3DC79200413059 /* View */ = {
			isa = PBXGroup;
			children = (
				86B761172C3DC7BD00413059 /* Cell */,
				86B761132C3DC79F00413059 /* ZipListViewController.swift */,
			);
			path = View;
			sourceTree = "<group>";
		};
		86B761172C3DC7BD00413059 /* Cell */ = {
			isa = PBXGroup;
			children = (
				86B761152C3DC7AB00413059 /* ZipListCollectionViewCell.swift */,
				86B761222C3EC87A00413059 /* ZipListCollectionViewCellDataStruct.swift */,
			);
			path = Cell;
			sourceTree = "<group>";
		};
		86B761192C3DE03200413059 /* HankkiList */ = {
			isa = PBXGroup;
			children = (
				86B7611A2C3DE03700413059 /* View */,
			);
			path = HankkiList;
			sourceTree = "<group>";
		};
		86B7611A2C3DE03700413059 /* View */ = {
			isa = PBXGroup;
			children = (
				86B7611D2C3DE04600413059 /* Cell */,
				86B7611B2C3DE04200413059 /* HankkiListViewController.swift */,
				86B7612F2C3EEDEE00413059 /* HankkiListViewControllerType.swift */,
			);
			path = View;
			sourceTree = "<group>";
		};
		86B7611D2C3DE04600413059 /* Cell */ = {
			isa = PBXGroup;
			children = (
				86B7611E2C3DE05800413059 /* HankkiListTableViewCell.swift */,
				86B761202C3DF60800413059 /* ZipHeaderTableView.swift */,
				86B761312C3F12B300413059 /* HankkiListTableViewCellDataStruct.swift */,
			);
			path = Cell;
			sourceTree = "<group>";
		};
		882504312247C1B21670BA58 /* Frameworks */ = {
			isa = PBXGroup;
			children = (
				D5C76934102657091ADFC65F /* Pods_Hankkijogbo.framework */,
			);
			name = Frameworks;
			sourceTree = "<group>";
		};
		A22D20C92C3165B6001AFAC6 /* Base */ = {
			isa = PBXGroup;
			children = (
				A2FF940D2C31660E001ADA03 /* BaseModel.swift */,
				A2FF940E2C31660E001ADA03 /* BaseViewController.swift */,
				A2FF940C2C31660E001ADA03 /* BaseTableViewCell.swift */,
				A2FF940F2C31660E001ADA03 /* BaseCollectionViewCell.swift */,
				A2DEBF552C3D230F00DE14A9 /* BaseCollectionReusableView.swift */,
				A2F27C032C353AEF001E6514 /* BaseView.swift */,
			);
			path = Base;
			sourceTree = "<group>";
		};
		A240EA092C3EF712000FF458 /* HankkiReusableView */ = {
			isa = PBXGroup;
			children = (
				A240EA072C3EF6E0000FF458 /* BufferView.swift */,
			);
			path = HankkiReusableView;
			sourceTree = "<group>";
		};
		A240EA0A2C3EFD54000FF458 /* HankkiCompositionalLayout */ = {
			isa = PBXGroup;
			children = (
				A240EA0B2C3EFD77000FF458 /* CompositionalLayoutFactory.swift */,
			);
			path = HankkiCompositionalLayout;
			sourceTree = "<group>";
		};
		A240EA112C3F19F4000FF458 /* ReportMain */ = {
			isa = PBXGroup;
			children = (
				A2DEBF582C3D257C00DE14A9 /* View */,
			);
			path = ReportMain;
			sourceTree = "<group>";
		};
		A240EA122C3F19FE000FF458 /* Search */ = {
			isa = PBXGroup;
			children = (
				A240EA1E2C3F35D3000FF458 /* View */,
			);
			path = Search;
			sourceTree = "<group>";
		};
		A240EA1E2C3F35D3000FF458 /* View */ = {
			isa = PBXGroup;
			children = (
				A240EA1C2C3F35CB000FF458 /* SearchViewController.swift */,
				A240EA1A2C3F35C8000FF458 /* SearchCollectionViewCell.swift */,
			);
			name = View;
			sourceTree = "<group>";
		};
		A240EA2B2C41BF00000FF458 /* Complete */ = {
			isa = PBXGroup;
			children = (
				A240EA2C2C41BF2E000FF458 /* ReportCompleteViewController.swift */,
				A240EA2E2C41C053000FF458 /* HankkiInfoCardView.swift */,
			);
			path = Complete;
			sourceTree = "<group>";
		};
		A2B542252C32A26600A6B225 /* SUITE */ = {
			isa = PBXGroup;
			children = (
				A2F27BFC2C3500DB001E6514 /* SUITE-Bold.otf */,
				A2F27BFB2C3500DB001E6514 /* SUITE-SemiBold.otf */,
				A2F27BFE2C3500DB001E6514 /* SUITE-Medium.otf */,
				A2F27BFD2C3500DB001E6514 /* SUITE-Regular.otf */,
			);
			path = SUITE;
			sourceTree = "<group>";
		};
		A2B542382C32A29300A6B225 /* Pretendard */ = {
			isa = PBXGroup;
			children = (
				A2B5423D2C32A29300A6B225 /* Pretendard-Bold.otf */,
				A2B5423C2C32A29300A6B225 /* Pretendard-SemiBold.otf */,
				A2B5423F2C32A29400A6B225 /* Pretendard-Medium.otf */,
				A2B5423B2C32A29300A6B225 /* Pretendard-Regular.otf */,
			);
			path = Pretendard;
			sourceTree = "<group>";
		};
		A2B599162C39B497004B7E4E /* HankkiToasts */ = {
			isa = PBXGroup;
			children = (
				A2B599172C39B5C8004B7E4E /* BlackToastView.swift */,
				A2B5991F2C3B5470004B7E4E /* WhiteToastView.swift */,
			);
			path = HankkiToasts;
			sourceTree = "<group>";
		};
		A2B599192C39D0BC004B7E4E /* MyZip */ = {
			isa = PBXGroup;
			children = (
				A2DEBF482C3BD7A300DE14A9 /* View */,
			);
			path = MyZip;
			sourceTree = "<group>";
		};
		A2DEBF482C3BD7A300DE14A9 /* View */ = {
			isa = PBXGroup;
			children = (
				A2DEBF462C3BD7A300DE14A9 /* MyZipListBottomSheetViewController.swift */,
				A2DEBF4B2C3BE1A600DE14A9 /* MyZipListHeaderView.swift */,
				A2DEBF472C3BD7A300DE14A9 /* MyZipListCollectionViewCell.swift */,
			);
			path = View;
			sourceTree = "<group>";
		};
		A2DEBF572C3D257100DE14A9 /* Report */ = {
			isa = PBXGroup;
			children = (
				A240EA112C3F19F4000FF458 /* ReportMain */,
				A240EA122C3F19FE000FF458 /* Search */,
				A240EA2B2C41BF00000FF458 /* Complete */,
			);
			path = Report;
			sourceTree = "<group>";
		};
		A2DEBF582C3D257C00DE14A9 /* View */ = {
			isa = PBXGroup;
			children = (
				A2DEBF592C3D25A800DE14A9 /* ReportViewController.swift */,
				A2DEBF5B2C3D2F6600DE14A9 /* ReportCompositionalLayoutFactory.swift */,
				A240EA182C3F35BC000FF458 /* SearchBarCollectionViewCell.swift */,
				A2DEBF752C3DBEEB00DE14A9 /* ReportHeaderView.swift */,
				A240EA212C403E91000FF458 /* ImageCollectionViewCell.swift */,
				A2DEBF5F2C3D67CA00DE14A9 /* CategoryCollectionViewCell.swift */,
				A2DEBF612C3D67D400DE14A9 /* SelectImageCollectionViewCell.swift */,
				A2DEBF632C3D67DE00DE14A9 /* MenuCollectionViewCell.swift */,
				A2DEBF772C3E700A00DE14A9 /* AddMenuCollectionViewCell.swift */,
			);
			path = View;
			sourceTree = "<group>";
		};
/* End PBXGroup section */

/* Begin PBXNativeTarget section */
		83DBED712C255A180042BA48 /* Hankkijogbo */ = {
			isa = PBXNativeTarget;
			buildConfigurationList = 83DBED862C255A1A0042BA48 /* Build configuration list for PBXNativeTarget "Hankkijogbo" */;
			buildPhases = (
				6454826702B700F6B9EC53AF /* [CP] Check Pods Manifest.lock */,
				83DBED6E2C255A180042BA48 /* Sources */,
				83DBED6F2C255A180042BA48 /* Frameworks */,
				83DBED702C255A180042BA48 /* Resources */,
				A22D20C52C31628A001AFAC6 /* ShellScript */,
				E9B32137E99D6E38CE103F38 /* [CP] Embed Pods Frameworks */,
			);
			buildRules = (
			);
			dependencies = (
			);
			name = Hankkijogbo;
			packageProductDependencies = (
				83DBEDBD2C25698B0042BA48 /* Then */,
				83DBEDC02C2569A80042BA48 /* SnapKit */,
				83DBEDC32C256A3B0042BA48 /* Moya */,
			);
			productName = Hankkijogbo;
			productReference = 83DBED722C255A180042BA48 /* Hankkijogbo.app */;
			productType = "com.apple.product-type.application";
		};
/* End PBXNativeTarget section */

/* Begin PBXProject section */
		83DBED6A2C255A180042BA48 /* Project object */ = {
			isa = PBXProject;
			attributes = {
				BuildIndependentTargetsInParallel = 1;
				LastSwiftUpdateCheck = 1520;
				LastUpgradeCheck = 1520;
				TargetAttributes = {
					83DBED712C255A180042BA48 = {
						CreatedOnToolsVersion = 15.2;
					};
				};
			};
			buildConfigurationList = 83DBED6D2C255A180042BA48 /* Build configuration list for PBXProject "Hankkijogbo" */;
			compatibilityVersion = "Xcode 14.0";
			developmentRegion = en;
			hasScannedForEncodings = 0;
			knownRegions = (
				en,
				Base,
			);
			mainGroup = 83DBED692C255A180042BA48;
			packageReferences = (
				83DBEDBC2C25698A0042BA48 /* XCRemoteSwiftPackageReference "Then" */,
				83DBEDBF2C2569A80042BA48 /* XCRemoteSwiftPackageReference "SnapKit" */,
				83DBEDC22C256A3B0042BA48 /* XCRemoteSwiftPackageReference "Moya" */,
			);
			productRefGroup = 83DBED732C255A180042BA48 /* Products */;
			projectDirPath = "";
			projectRoot = "";
			targets = (
				83DBED712C255A180042BA48 /* Hankkijogbo */,
			);
		};
/* End PBXProject section */

/* Begin PBXResourcesBuildPhase section */
		83DBED702C255A180042BA48 /* Resources */ = {
			isa = PBXResourcesBuildPhase;
			buildActionMask = 2147483647;
			files = (
				A2F27C022C3500DB001E6514 /* SUITE-Medium.otf in Resources */,
				A22D20C72C3162C9001AFAC6 /* .swiftlint.yml in Resources */,
				A2F27BE32C34EED1001E6514 /* Pretendard-Bold.otf in Resources */,
				A2F27C002C3500DB001E6514 /* SUITE-Bold.otf in Resources */,
				A2F27BE42C34EED4001E6514 /* Pretendard-SemiBold.otf in Resources */,
				A240EA2A2C41BE98000FF458 /* Config.xcconfig in Resources */,
				838D09D52C329A0A001400A4 /* Colors.xcassets in Resources */,
				83DBED822C255A1A0042BA48 /* LaunchScreen.storyboard in Resources */,
				A2F27C012C3500DB001E6514 /* SUITE-Regular.otf in Resources */,
				A2F27BE62C34EED9001E6514 /* Pretendard-Regular.otf in Resources */,
				83DBED7F2C255A1A0042BA48 /* Assets.xcassets in Resources */,
				A2F27BE52C34EED6001E6514 /* Pretendard-Medium.otf in Resources */,
				A2F27BFF2C3500DB001E6514 /* SUITE-SemiBold.otf in Resources */,
			);
			runOnlyForDeploymentPostprocessing = 0;
		};
/* End PBXResourcesBuildPhase section */

/* Begin PBXShellScriptBuildPhase section */
		6454826702B700F6B9EC53AF /* [CP] Check Pods Manifest.lock */ = {
			isa = PBXShellScriptBuildPhase;
			buildActionMask = 2147483647;
			files = (
			);
			inputFileListPaths = (
			);
			inputPaths = (
				"${PODS_PODFILE_DIR_PATH}/Podfile.lock",
				"${PODS_ROOT}/Manifest.lock",
			);
			name = "[CP] Check Pods Manifest.lock";
			outputFileListPaths = (
			);
			outputPaths = (
				"$(DERIVED_FILE_DIR)/Pods-Hankkijogbo-checkManifestLockResult.txt",
			);
			runOnlyForDeploymentPostprocessing = 0;
			shellPath = /bin/sh;
			shellScript = "diff \"${PODS_PODFILE_DIR_PATH}/Podfile.lock\" \"${PODS_ROOT}/Manifest.lock\" > /dev/null\nif [ $? != 0 ] ; then\n    # print error to STDERR\n    echo \"error: The sandbox is not in sync with the Podfile.lock. Run 'pod install' or update your CocoaPods installation.\" >&2\n    exit 1\nfi\n# This output is used by Xcode 'outputs' to avoid re-running this script phase.\necho \"SUCCESS\" > \"${SCRIPT_OUTPUT_FILE_0}\"\n";
			showEnvVarsInLog = 0;
		};
		A22D20C52C31628A001AFAC6 /* ShellScript */ = {
			isa = PBXShellScriptBuildPhase;
			buildActionMask = 2147483647;
			files = (
			);
			inputFileListPaths = (
			);
			inputPaths = (
			);
			outputFileListPaths = (
			);
			outputPaths = (
			);
			runOnlyForDeploymentPostprocessing = 0;
			shellPath = /bin/sh;
			shellScript = "if test -d \"/opt/homebrew/bin/\"; then\n  PATH=\"/opt/homebrew/bin/:${PATH}\"\nfi\n\nexport PATH\n\nif which swiftlint >/dev/null; then\n  swiftlint\nelse\n  echo \"warning: SwiftLint not installed, download from https://github.com/realm/SwiftLint\"\nfi\n";
		};
		E9B32137E99D6E38CE103F38 /* [CP] Embed Pods Frameworks */ = {
			isa = PBXShellScriptBuildPhase;
			buildActionMask = 2147483647;
			files = (
			);
			inputFileListPaths = (
				"${PODS_ROOT}/Target Support Files/Pods-Hankkijogbo/Pods-Hankkijogbo-frameworks-${CONFIGURATION}-input-files.xcfilelist",
			);
			name = "[CP] Embed Pods Frameworks";
			outputFileListPaths = (
				"${PODS_ROOT}/Target Support Files/Pods-Hankkijogbo/Pods-Hankkijogbo-frameworks-${CONFIGURATION}-output-files.xcfilelist",
			);
			runOnlyForDeploymentPostprocessing = 0;
			shellPath = /bin/sh;
			shellScript = "\"${PODS_ROOT}/Target Support Files/Pods-Hankkijogbo/Pods-Hankkijogbo-frameworks.sh\"\n";
			showEnvVarsInLog = 0;
		};
/* End PBXShellScriptBuildPhase section */

/* Begin PBXSourcesBuildPhase section */
		83DBED6E2C255A180042BA48 /* Sources */ = {
			isa = PBXSourcesBuildPhase;
			buildActionMask = 2147483647;
			files = (
				A2DEBF622C3D67D400DE14A9 /* SelectImageCollectionViewCell.swift in Sources */,
				A2DEBF5C2C3D2F6700DE14A9 /* ReportCompositionalLayoutFactory.swift in Sources */,
				A2DEBF622C3D67D400DE14A9 /* SelectImageCollectionViewCell.swift in Sources */,
				A2DEBF5C2C3D2F6700DE14A9 /* ReportCompositionalLayoutFactory.swift in Sources */,
				83DBED9E2C2565150042BA48 /* response.swift in Sources */,
				A2DEBF4C2C3BE1A600DE14A9 /* MyZipListHeaderView.swift in Sources */,
				A2DEBF452C3BD0DD00DE14A9 /* UIScreen+.swift in Sources */,
				838BEB052C382B0700AAA153 /* TabBarController.swift in Sources */,
				86B7611C2C3DE04200413059 /* HankkiListViewController.swift in Sources */,
				838BEB032C38196300AAA153 /* TabBarItem.swift in Sources */,
				864FA9032C3D1F7B0051EA36 /* MypageViewController.swift in Sources */,
				86B761142C3DC79F00413059 /* ZipListViewController.swift in Sources */,
				83DBEDBB2C2566830042BA48 /* AuthenticationAdapterProtocol.swift in Sources */,
				86784E8B2C3FC0CD00E94A5D /* CreateZipViewController.swift in Sources */,
				864FA90C2C3D20BE0051EA36 /* MypageQuitFooterView.swift in Sources */,
				864FA9122C3D34B80051EA36 /* MypageCollectionViewCellEnum.swift in Sources */,
				A2B599182C39B5C8004B7E4E /* BlackToastView.swift in Sources */,
				8302F8E12C3DB43D004ADAA4 /* TotalListBottomSheetView.swift in Sources */,
				A240EA2F2C41C053000FF458 /* HankkiInfoCardView.swift in Sources */,
				8302F8DD2C3D6C0B004ADAA4 /* TotalListBottomSheetController.swift in Sources */,
				83DBED7A2C255A180042BA48 /* ViewController.swift in Sources */,
				86784E8F2C4021E200E94A5D /* TagTextField.swift in Sources */,
				8302F8E72C3E991F004ADAA4 /* TypeCollectionViewCell.swift in Sources */,
				8302F8ED2C3F039F004ADAA4 /* FilteringModel.swift in Sources */,
				83DBEDA02C25651C0042BA48 /* request.swift in Sources */,
				864A89BC2C3B350900140B63 /* AlertStyle.swift in Sources */,
				A2FF94122C31660E001ADA03 /* BaseViewController.swift in Sources */,
				A2DEBF782C3E700A00DE14A9 /* AddMenuCollectionViewCell.swift in Sources */,
				83DBEDC82C256AD00042BA48 /* NSObject+.swift in Sources */,
				A2DEBF5A2C3D25A800DE14A9 /* ReportViewController.swift in Sources */,
				83DBEDB62C2566380042BA48 /* FontLiterals.swift in Sources */,
				A240EA262C4176FF000FF458 /* String+.swift in Sources */,
				A2DEBF562C3D230F00DE14A9 /* BaseCollectionReusableView.swift in Sources */,
				83DBED762C255A180042BA48 /* AppDelegate.swift in Sources */,
				864FA90A2C3D20910051EA36 /* MypageOptionCollectionViewCell.swift in Sources */,
				86B761212C3DF60800413059 /* ZipHeaderTableView.swift in Sources */,
				86B761322C3F12B300413059 /* HankkiListTableViewCellDataStruct.swift in Sources */,
				83DBEDCC2C256B080042BA48 /* UILabel+.swift in Sources */,
				86B761302C3EEDEE00413059 /* HankkiListViewControllerType.swift in Sources */,
				864FA9062C3D20150051EA36 /* MypageHankkiCollectionViewCell.swift in Sources */,
				861704F72C38304D00D99E50 /* AlertViewController.swift in Sources */,
				83DBEDB22C2566230042BA48 /* ImageLiterals.swift in Sources */,
				864FA91C2C3D63400051EA36 /* BottomButtonView.swift in Sources */,
				83DBEDB42C2566300042BA48 /* StringLiterals.swift in Sources */,
				83DBED782C255A180042BA48 /* SceneDelegate.swift in Sources */,
				864FA9082C3D20560051EA36 /* MypageHeaderView.swift in Sources */,
				83DBEDCE2C256B180042BA48 /* UIButton+.swift in Sources */,
				A240EA2D2C41BF2E000FF458 /* ReportCompleteViewController.swift in Sources */,
				83DBEDB92C25666E0042BA48 /* MainButton.swift in Sources */,
				83DA28962C3851BB004819FA /* HankkiNavigationType.swift in Sources */,
				8302F8E32C3DBB48004ADAA4 /* TotalListModel.swift in Sources */,
				83DBEDD22C256B7A0042BA48 /* UIColor+.swift in Sources */,
				A2DEBF602C3D67CA00DE14A9 /* CategoryCollectionViewCell.swift in Sources */,
				A240EA0C2C3EFD77000FF458 /* CompositionalLayoutFactory.swift in Sources */,
				86685C582C3BD89500C080C4 /* UnivCollectionViewCell.swift in Sources */,
				83DBED982C2564B40042BA48 /* HomeModel.swift in Sources */,
				83DBEDD02C256B4C0042BA48 /* UITextField+.swift in Sources */,
				832546EC2C3F28F900B8C3DC /* DropDownView.swift in Sources */,
				A2B542432C32AF7500A6B225 /* UIFont+.swift in Sources */,
				A240EA082C3EF6E0000FF458 /* BufferView.swift in Sources */,
				A2DEBF762C3DBEEB00DE14A9 /* ReportHeaderView.swift in Sources */,
				83A23A422C4010AA00A71ECE /* ButtonType.swift in Sources */,
				83DBED942C2564A20042BA48 /* HomeView.swift in Sources */,
				A2FF94112C31660E001ADA03 /* BaseModel.swift in Sources */,
				86B761232C3EC87A00413059 /* ZipListCollectionViewCellDataStruct.swift in Sources */,
				83DBEDCA2C256AE70042BA48 /* UIViewController+.swift in Sources */,
				8302F8EB2C3EBF77004ADAA4 /* TypeCollectionView.swift in Sources */,
				A2B599202C3B5470004B7E4E /* WhiteToastView.swift in Sources */,
				83DA28982C3852C5004819FA /* HankkiNavigationController.swift in Sources */,
				86B7611F2C3DE05800413059 /* HankkiListTableViewCell.swift in Sources */,
				A2FF94132C31660E001ADA03 /* BaseCollectionViewCell.swift in Sources */,
				83DBED922C2564990042BA48 /* HomeViewModel.swift in Sources */,
				86685C522C3BC67D00C080C4 /* UnivSelectViewModel.swift in Sources */,
				A240EA1B2C3F35C8000FF458 /* SearchCollectionViewCell.swift in Sources */,
				8302853B2C415BBD0004D9F7 /* TotalListCollectionViewCell.swift in Sources */,
				83DBEDA42C25653F0042BA48 /* HomeTargetType.swift in Sources */,
				A240EA192C3F35BC000FF458 /* SearchBarCollectionViewCell.swift in Sources */,
				83DBEDC62C256A7A0042BA48 /* UIView+.swift in Sources */,
				A2DEBF642C3D67DE00DE14A9 /* MenuCollectionViewCell.swift in Sources */,
				86B761162C3DC7AB00413059 /* ZipListCollectionViewCell.swift in Sources */,
				86685C542C3BC68900C080C4 /* UnivSelectViewController.swift in Sources */,
				A240EA1D2C3F35CB000FF458 /* SearchViewController.swift in Sources */,
				83DBEDB02C2566120042BA48 /* UIStackView+.swift in Sources */,
				A240EA242C412759000FF458 /* UICollectionView+.swift in Sources */,
				864FA90E2C3D20FF0051EA36 /* MypageZipCollectionViewCell.swift in Sources */,
				83DBED962C2564AC0042BA48 /* HomeViewController.swift in Sources */,
				A2F27C042C353AEF001E6514 /* BaseView.swift in Sources */,
				A2DEBF492C3BD7A300DE14A9 /* MyZipListBottomSheetViewController.swift in Sources */,
				A240EA222C403E91000FF458 /* ImageCollectionViewCell.swift in Sources */,
				A2DEBF4A2C3BD7A300DE14A9 /* MyZipListCollectionViewCell.swift in Sources */,
				A2FF94102C31660E001ADA03 /* BaseTableViewCell.swift in Sources */,
				83DBEDA22C2565340042BA48 /* HomeAPIService.swift in Sources */,
			);
			runOnlyForDeploymentPostprocessing = 0;
		};
/* End PBXSourcesBuildPhase section */

/* Begin PBXVariantGroup section */
		83DBED802C255A1A0042BA48 /* LaunchScreen.storyboard */ = {
			isa = PBXVariantGroup;
			children = (
				83DBED812C255A1A0042BA48 /* Base */,
			);
			name = LaunchScreen.storyboard;
			sourceTree = "<group>";
		};
/* End PBXVariantGroup section */

/* Begin XCBuildConfiguration section */
		83DBED842C255A1A0042BA48 /* Debug */ = {
			isa = XCBuildConfiguration;
			buildSettings = {
				ALWAYS_SEARCH_USER_PATHS = NO;
				ASSETCATALOG_COMPILER_GENERATE_SWIFT_ASSET_SYMBOL_EXTENSIONS = YES;
				CLANG_ANALYZER_NONNULL = YES;
				CLANG_ANALYZER_NUMBER_OBJECT_CONVERSION = YES_AGGRESSIVE;
				CLANG_CXX_LANGUAGE_STANDARD = "gnu++20";
				CLANG_ENABLE_MODULES = YES;
				CLANG_ENABLE_OBJC_ARC = YES;
				CLANG_ENABLE_OBJC_WEAK = YES;
				CLANG_WARN_BLOCK_CAPTURE_AUTORELEASING = YES;
				CLANG_WARN_BOOL_CONVERSION = YES;
				CLANG_WARN_COMMA = YES;
				CLANG_WARN_CONSTANT_CONVERSION = YES;
				CLANG_WARN_DEPRECATED_OBJC_IMPLEMENTATIONS = YES;
				CLANG_WARN_DIRECT_OBJC_ISA_USAGE = YES_ERROR;
				CLANG_WARN_DOCUMENTATION_COMMENTS = YES;
				CLANG_WARN_EMPTY_BODY = YES;
				CLANG_WARN_ENUM_CONVERSION = YES;
				CLANG_WARN_INFINITE_RECURSION = YES;
				CLANG_WARN_INT_CONVERSION = YES;
				CLANG_WARN_NON_LITERAL_NULL_CONVERSION = YES;
				CLANG_WARN_OBJC_IMPLICIT_RETAIN_SELF = YES;
				CLANG_WARN_OBJC_LITERAL_CONVERSION = YES;
				CLANG_WARN_OBJC_ROOT_CLASS = YES_ERROR;
				CLANG_WARN_QUOTED_INCLUDE_IN_FRAMEWORK_HEADER = YES;
				CLANG_WARN_RANGE_LOOP_ANALYSIS = YES;
				CLANG_WARN_STRICT_PROTOTYPES = YES;
				CLANG_WARN_SUSPICIOUS_MOVE = YES;
				CLANG_WARN_UNGUARDED_AVAILABILITY = YES_AGGRESSIVE;
				CLANG_WARN_UNREACHABLE_CODE = YES;
				CLANG_WARN__DUPLICATE_METHOD_MATCH = YES;
				COPY_PHASE_STRIP = NO;
				DEBUG_INFORMATION_FORMAT = dwarf;
				ENABLE_STRICT_OBJC_MSGSEND = YES;
				ENABLE_TESTABILITY = YES;
				ENABLE_USER_SCRIPT_SANDBOXING = YES;
				GCC_C_LANGUAGE_STANDARD = gnu17;
				GCC_DYNAMIC_NO_PIC = NO;
				GCC_NO_COMMON_BLOCKS = YES;
				GCC_OPTIMIZATION_LEVEL = 0;
				GCC_PREPROCESSOR_DEFINITIONS = (
					"DEBUG=1",
					"$(inherited)",
				);
				GCC_WARN_64_TO_32_BIT_CONVERSION = YES;
				GCC_WARN_ABOUT_RETURN_TYPE = YES_ERROR;
				GCC_WARN_UNDECLARED_SELECTOR = YES;
				GCC_WARN_UNINITIALIZED_AUTOS = YES_AGGRESSIVE;
				GCC_WARN_UNUSED_FUNCTION = YES;
				GCC_WARN_UNUSED_VARIABLE = YES;
				IPHONEOS_DEPLOYMENT_TARGET = 17.0;
				LOCALIZATION_PREFERS_STRING_CATALOGS = YES;
				MTL_ENABLE_DEBUG_INFO = INCLUDE_SOURCE;
				MTL_FAST_MATH = YES;
				ONLY_ACTIVE_ARCH = YES;
				SDKROOT = iphoneos;
				SWIFT_ACTIVE_COMPILATION_CONDITIONS = "DEBUG $(inherited)";
				SWIFT_OPTIMIZATION_LEVEL = "-Onone";
			};
			name = Debug;
		};
		83DBED852C255A1A0042BA48 /* Release */ = {
			isa = XCBuildConfiguration;
			buildSettings = {
				ALWAYS_SEARCH_USER_PATHS = NO;
				ASSETCATALOG_COMPILER_GENERATE_SWIFT_ASSET_SYMBOL_EXTENSIONS = YES;
				CLANG_ANALYZER_NONNULL = YES;
				CLANG_ANALYZER_NUMBER_OBJECT_CONVERSION = YES_AGGRESSIVE;
				CLANG_CXX_LANGUAGE_STANDARD = "gnu++20";
				CLANG_ENABLE_MODULES = YES;
				CLANG_ENABLE_OBJC_ARC = YES;
				CLANG_ENABLE_OBJC_WEAK = YES;
				CLANG_WARN_BLOCK_CAPTURE_AUTORELEASING = YES;
				CLANG_WARN_BOOL_CONVERSION = YES;
				CLANG_WARN_COMMA = YES;
				CLANG_WARN_CONSTANT_CONVERSION = YES;
				CLANG_WARN_DEPRECATED_OBJC_IMPLEMENTATIONS = YES;
				CLANG_WARN_DIRECT_OBJC_ISA_USAGE = YES_ERROR;
				CLANG_WARN_DOCUMENTATION_COMMENTS = YES;
				CLANG_WARN_EMPTY_BODY = YES;
				CLANG_WARN_ENUM_CONVERSION = YES;
				CLANG_WARN_INFINITE_RECURSION = YES;
				CLANG_WARN_INT_CONVERSION = YES;
				CLANG_WARN_NON_LITERAL_NULL_CONVERSION = YES;
				CLANG_WARN_OBJC_IMPLICIT_RETAIN_SELF = YES;
				CLANG_WARN_OBJC_LITERAL_CONVERSION = YES;
				CLANG_WARN_OBJC_ROOT_CLASS = YES_ERROR;
				CLANG_WARN_QUOTED_INCLUDE_IN_FRAMEWORK_HEADER = YES;
				CLANG_WARN_RANGE_LOOP_ANALYSIS = YES;
				CLANG_WARN_STRICT_PROTOTYPES = YES;
				CLANG_WARN_SUSPICIOUS_MOVE = YES;
				CLANG_WARN_UNGUARDED_AVAILABILITY = YES_AGGRESSIVE;
				CLANG_WARN_UNREACHABLE_CODE = YES;
				CLANG_WARN__DUPLICATE_METHOD_MATCH = YES;
				COPY_PHASE_STRIP = NO;
				DEBUG_INFORMATION_FORMAT = "dwarf-with-dsym";
				ENABLE_NS_ASSERTIONS = NO;
				ENABLE_STRICT_OBJC_MSGSEND = YES;
				ENABLE_USER_SCRIPT_SANDBOXING = YES;
				GCC_C_LANGUAGE_STANDARD = gnu17;
				GCC_NO_COMMON_BLOCKS = YES;
				GCC_WARN_64_TO_32_BIT_CONVERSION = YES;
				GCC_WARN_ABOUT_RETURN_TYPE = YES_ERROR;
				GCC_WARN_UNDECLARED_SELECTOR = YES;
				GCC_WARN_UNINITIALIZED_AUTOS = YES_AGGRESSIVE;
				GCC_WARN_UNUSED_FUNCTION = YES;
				GCC_WARN_UNUSED_VARIABLE = YES;
				IPHONEOS_DEPLOYMENT_TARGET = 17.0;
				LOCALIZATION_PREFERS_STRING_CATALOGS = YES;
				MTL_ENABLE_DEBUG_INFO = NO;
				MTL_FAST_MATH = YES;
				SDKROOT = iphoneos;
				SWIFT_COMPILATION_MODE = wholemodule;
				VALIDATE_PRODUCT = YES;
			};
			name = Release;
		};
		83DBED872C255A1A0042BA48 /* Debug */ = {
			isa = XCBuildConfiguration;
			baseConfigurationReference = A2DEBF6B2C3D805B00DE14A9 /* Pods-Hankkijogbo.debug.xcconfig */;
			buildSettings = {
				ASSETCATALOG_COMPILER_APPICON_NAME = AppIcon;
				ASSETCATALOG_COMPILER_GLOBAL_ACCENT_COLOR_NAME = AccentColor;
				CODE_SIGN_STYLE = Automatic;
				CURRENT_PROJECT_VERSION = 1;
				DEVELOPMENT_TEAM = "";
				ENABLE_USER_SCRIPT_SANDBOXING = NO;
				GENERATE_INFOPLIST_FILE = YES;
				INFOPLIST_FILE = "Hankkijogbo/Global/Supporting Files/Info.plist";
				INFOPLIST_KEY_CFBundleDisplayName = HANKKI;
				INFOPLIST_KEY_UIApplicationSupportsIndirectInputEvents = YES;
				INFOPLIST_KEY_UILaunchStoryboardName = LaunchScreen;
				INFOPLIST_KEY_UISupportedInterfaceOrientations = UIInterfaceOrientationPortrait;
				INFOPLIST_KEY_UISupportedInterfaceOrientations_iPad = "UIInterfaceOrientationLandscapeLeft UIInterfaceOrientationLandscapeRight UIInterfaceOrientationPortrait UIInterfaceOrientationPortraitUpsideDown";
				IPHONEOS_DEPLOYMENT_TARGET = 15.0;
				LD_RUNPATH_SEARCH_PATHS = (
					"$(inherited)",
					"@executable_path/Frameworks",
				);
				MARKETING_VERSION = 1.0;
				PRODUCT_BUNDLE_IDENTIFIER = com.hankki.Hankkijogbo;
				PRODUCT_NAME = "$(TARGET_NAME)";
				SUPPORTED_PLATFORMS = "iphoneos iphonesimulator";
				SUPPORTS_MACCATALYST = NO;
				SWIFT_EMIT_LOC_STRINGS = YES;
				SWIFT_VERSION = 5.0;
				TARGETED_DEVICE_FAMILY = 1;
			};
			name = Debug;
		};
		83DBED882C255A1A0042BA48 /* Release */ = {
			isa = XCBuildConfiguration;
			baseConfigurationReference = A2DEBF6C2C3D806400DE14A9 /* Pods-Hankkijogbo.release.xcconfig */;
			buildSettings = {
				ASSETCATALOG_COMPILER_APPICON_NAME = AppIcon;
				ASSETCATALOG_COMPILER_GLOBAL_ACCENT_COLOR_NAME = AccentColor;
				CODE_SIGN_STYLE = Automatic;
				CURRENT_PROJECT_VERSION = 1;
				DEVELOPMENT_TEAM = "";
				ENABLE_USER_SCRIPT_SANDBOXING = NO;
				GENERATE_INFOPLIST_FILE = YES;
				INFOPLIST_FILE = "Hankkijogbo/Global/Supporting Files/Info.plist";
				INFOPLIST_KEY_CFBundleDisplayName = HANKKI;
				INFOPLIST_KEY_UIApplicationSupportsIndirectInputEvents = YES;
				INFOPLIST_KEY_UILaunchStoryboardName = LaunchScreen;
				INFOPLIST_KEY_UISupportedInterfaceOrientations = UIInterfaceOrientationPortrait;
				INFOPLIST_KEY_UISupportedInterfaceOrientations_iPad = "UIInterfaceOrientationLandscapeLeft UIInterfaceOrientationLandscapeRight UIInterfaceOrientationPortrait UIInterfaceOrientationPortraitUpsideDown";
				IPHONEOS_DEPLOYMENT_TARGET = 15.0;
				LD_RUNPATH_SEARCH_PATHS = (
					"$(inherited)",
					"@executable_path/Frameworks",
				);
				MARKETING_VERSION = 1.0;
				PRODUCT_BUNDLE_IDENTIFIER = com.hankki.Hankkijogbo;
				PRODUCT_NAME = "$(TARGET_NAME)";
				SUPPORTED_PLATFORMS = "iphoneos iphonesimulator";
				SUPPORTS_MACCATALYST = NO;
				SWIFT_EMIT_LOC_STRINGS = YES;
				SWIFT_VERSION = 5.0;
				TARGETED_DEVICE_FAMILY = 1;
			};
			name = Release;
		};
/* End XCBuildConfiguration section */

/* Begin XCConfigurationList section */
		83DBED6D2C255A180042BA48 /* Build configuration list for PBXProject "Hankkijogbo" */ = {
			isa = XCConfigurationList;
			buildConfigurations = (
				83DBED842C255A1A0042BA48 /* Debug */,
				83DBED852C255A1A0042BA48 /* Release */,
			);
			defaultConfigurationIsVisible = 0;
			defaultConfigurationName = Release;
		};
		83DBED862C255A1A0042BA48 /* Build configuration list for PBXNativeTarget "Hankkijogbo" */ = {
			isa = XCConfigurationList;
			buildConfigurations = (
				83DBED872C255A1A0042BA48 /* Debug */,
				83DBED882C255A1A0042BA48 /* Release */,
			);
			defaultConfigurationIsVisible = 0;
			defaultConfigurationName = Release;
		};
/* End XCConfigurationList section */

/* Begin XCRemoteSwiftPackageReference section */
		83DBEDBC2C25698A0042BA48 /* XCRemoteSwiftPackageReference "Then" */ = {
			isa = XCRemoteSwiftPackageReference;
			repositoryURL = "https://github.com/devxoul/Then";
			requirement = {
				kind = upToNextMajorVersion;
				minimumVersion = 3.0.0;
			};
		};
		83DBEDBF2C2569A80042BA48 /* XCRemoteSwiftPackageReference "SnapKit" */ = {
			isa = XCRemoteSwiftPackageReference;
			repositoryURL = "https://github.com/SnapKit/SnapKit";
			requirement = {
				kind = upToNextMajorVersion;
				minimumVersion = 5.7.1;
			};
		};
		83DBEDC22C256A3B0042BA48 /* XCRemoteSwiftPackageReference "Moya" */ = {
			isa = XCRemoteSwiftPackageReference;
			repositoryURL = "https://github.com/Moya/Moya";
			requirement = {
				kind = upToNextMajorVersion;
				minimumVersion = 15.0.3;
			};
		};
/* End XCRemoteSwiftPackageReference section */

/* Begin XCSwiftPackageProductDependency section */
		83DBEDBD2C25698B0042BA48 /* Then */ = {
			isa = XCSwiftPackageProductDependency;
			package = 83DBEDBC2C25698A0042BA48 /* XCRemoteSwiftPackageReference "Then" */;
			productName = Then;
		};
		83DBEDC02C2569A80042BA48 /* SnapKit */ = {
			isa = XCSwiftPackageProductDependency;
			package = 83DBEDBF2C2569A80042BA48 /* XCRemoteSwiftPackageReference "SnapKit" */;
			productName = SnapKit;
		};
		83DBEDC32C256A3B0042BA48 /* Moya */ = {
			isa = XCSwiftPackageProductDependency;
			package = 83DBEDC22C256A3B0042BA48 /* XCRemoteSwiftPackageReference "Moya" */;
			productName = Moya;
		};
/* End XCSwiftPackageProductDependency section */
	};
	rootObject = 83DBED6A2C255A180042BA48 /* Project object */;
}
