// !$*UTF8*$!
{
	archiveVersion = 1;
	classes = {
	};
	objectVersion = 56;
	objects = {

/* Begin PBXBuildFile section */
		838BEB032C38196300AAA153 /* TabBarItem.swift in Sources */ = {isa = PBXBuildFile; fileRef = 838BEB022C38196300AAA153 /* TabBarItem.swift */; };
		838BEB052C382B0700AAA153 /* TabBarController.swift in Sources */ = {isa = PBXBuildFile; fileRef = 838BEB042C382B0700AAA153 /* TabBarController.swift */; };
		838D09D52C329A0A001400A4 /* Colors.xcassets in Resources */ = {isa = PBXBuildFile; fileRef = 838D09D42C329A0A001400A4 /* Colors.xcassets */; };
		83DA28962C3851BB004819FA /* HankkiNavigationType.swift in Sources */ = {isa = PBXBuildFile; fileRef = 83DA28952C3851BB004819FA /* HankkiNavigationType.swift */; };
		83DA28982C3852C5004819FA /* HankkiNavigationController.swift in Sources */ = {isa = PBXBuildFile; fileRef = 83DA28972C3852C5004819FA /* HankkiNavigationController.swift */; };
		83DBED762C255A180042BA48 /* AppDelegate.swift in Sources */ = {isa = PBXBuildFile; fileRef = 83DBED752C255A180042BA48 /* AppDelegate.swift */; };
		83DBED782C255A180042BA48 /* SceneDelegate.swift in Sources */ = {isa = PBXBuildFile; fileRef = 83DBED772C255A180042BA48 /* SceneDelegate.swift */; };
		83DBED7A2C255A180042BA48 /* ViewController.swift in Sources */ = {isa = PBXBuildFile; fileRef = 83DBED792C255A180042BA48 /* ViewController.swift */; };
		83DBED7F2C255A1A0042BA48 /* Assets.xcassets in Resources */ = {isa = PBXBuildFile; fileRef = 83DBED7E2C255A1A0042BA48 /* Assets.xcassets */; };
		83DBED822C255A1A0042BA48 /* LaunchScreen.storyboard in Resources */ = {isa = PBXBuildFile; fileRef = 83DBED802C255A1A0042BA48 /* LaunchScreen.storyboard */; };
		83DBED922C2564990042BA48 /* HomeViewModel.swift in Sources */ = {isa = PBXBuildFile; fileRef = 83DBED912C2564990042BA48 /* HomeViewModel.swift */; };
		83DBED942C2564A20042BA48 /* HomeView.swift in Sources */ = {isa = PBXBuildFile; fileRef = 83DBED932C2564A20042BA48 /* HomeView.swift */; };
		83DBED962C2564AC0042BA48 /* HomeViewController.swift in Sources */ = {isa = PBXBuildFile; fileRef = 83DBED952C2564AC0042BA48 /* HomeViewController.swift */; };
		83DBED982C2564B40042BA48 /* HomeModel.swift in Sources */ = {isa = PBXBuildFile; fileRef = 83DBED972C2564B40042BA48 /* HomeModel.swift */; };
		83DBED9E2C2565150042BA48 /* response.swift in Sources */ = {isa = PBXBuildFile; fileRef = 83DBED9D2C2565150042BA48 /* response.swift */; };
		83DBEDA02C25651C0042BA48 /* request.swift in Sources */ = {isa = PBXBuildFile; fileRef = 83DBED9F2C25651C0042BA48 /* request.swift */; };
		83DBEDA22C2565340042BA48 /* HomeAPIService.swift in Sources */ = {isa = PBXBuildFile; fileRef = 83DBEDA12C2565340042BA48 /* HomeAPIService.swift */; };
		83DBEDA42C25653F0042BA48 /* HomeTargetType.swift in Sources */ = {isa = PBXBuildFile; fileRef = 83DBEDA32C25653F0042BA48 /* HomeTargetType.swift */; };
		83DBEDB02C2566120042BA48 /* UIStackView+.swift in Sources */ = {isa = PBXBuildFile; fileRef = 83DBEDAF2C2566120042BA48 /* UIStackView+.swift */; };
		83DBEDB22C2566230042BA48 /* ImageLiterals.swift in Sources */ = {isa = PBXBuildFile; fileRef = 83DBEDB12C2566230042BA48 /* ImageLiterals.swift */; };
		83DBEDB42C2566300042BA48 /* StringLiterals.swift in Sources */ = {isa = PBXBuildFile; fileRef = 83DBEDB32C2566300042BA48 /* StringLiterals.swift */; };
		83DBEDB62C2566380042BA48 /* FontLiterals.swift in Sources */ = {isa = PBXBuildFile; fileRef = 83DBEDB52C2566380042BA48 /* FontLiterals.swift */; };
		83DBEDB92C25666E0042BA48 /* MainButton.swift in Sources */ = {isa = PBXBuildFile; fileRef = 83DBEDB82C25666E0042BA48 /* MainButton.swift */; };
		83DBEDBB2C2566830042BA48 /* AuthenticationAdapterProtocol.swift in Sources */ = {isa = PBXBuildFile; fileRef = 83DBEDBA2C2566830042BA48 /* AuthenticationAdapterProtocol.swift */; };
		83DBEDBE2C25698B0042BA48 /* Then in Frameworks */ = {isa = PBXBuildFile; productRef = 83DBEDBD2C25698B0042BA48 /* Then */; };
		83DBEDC12C2569A80042BA48 /* SnapKit in Frameworks */ = {isa = PBXBuildFile; productRef = 83DBEDC02C2569A80042BA48 /* SnapKit */; };
		83DBEDC42C256A3B0042BA48 /* Moya in Frameworks */ = {isa = PBXBuildFile; productRef = 83DBEDC32C256A3B0042BA48 /* Moya */; };
		83DBEDC62C256A7A0042BA48 /* UIView+.swift in Sources */ = {isa = PBXBuildFile; fileRef = 83DBEDC52C256A7A0042BA48 /* UIView+.swift */; };
		83DBEDC82C256AD00042BA48 /* NSObject+.swift in Sources */ = {isa = PBXBuildFile; fileRef = 83DBEDC72C256AD00042BA48 /* NSObject+.swift */; };
		83DBEDCA2C256AE70042BA48 /* UIViewController+.swift in Sources */ = {isa = PBXBuildFile; fileRef = 83DBEDC92C256AE70042BA48 /* UIViewController+.swift */; };
		83DBEDCC2C256B080042BA48 /* UILabel+.swift in Sources */ = {isa = PBXBuildFile; fileRef = 83DBEDCB2C256B080042BA48 /* UILabel+.swift */; };
		83DBEDCE2C256B180042BA48 /* UIButton+.swift in Sources */ = {isa = PBXBuildFile; fileRef = 83DBEDCD2C256B180042BA48 /* UIButton+.swift */; };
		83DBEDD02C256B4C0042BA48 /* UITextField+.swift in Sources */ = {isa = PBXBuildFile; fileRef = 83DBEDCF2C256B4C0042BA48 /* UITextField+.swift */; };
		83DBEDD22C256B7A0042BA48 /* UIColor+.swift in Sources */ = {isa = PBXBuildFile; fileRef = 83DBEDD12C256B7A0042BA48 /* UIColor+.swift */; };
		861704F72C38304D00D99E50 /* AlertViewController.swift in Sources */ = {isa = PBXBuildFile; fileRef = 861704F62C38304D00D99E50 /* AlertViewController.swift */; };
		864A89BC2C3B350900140B63 /* AlertStyle.swift in Sources */ = {isa = PBXBuildFile; fileRef = 864A89BB2C3B350900140B63 /* AlertStyle.swift */; };
		A22D20C72C3162C9001AFAC6 /* .swiftlint.yml in Resources */ = {isa = PBXBuildFile; fileRef = A22D20C62C3162C9001AFAC6 /* .swiftlint.yml */; };
		A2B542432C32AF7500A6B225 /* UIFont+.swift in Sources */ = {isa = PBXBuildFile; fileRef = A2B542422C32AF7500A6B225 /* UIFont+.swift */; };
		A2B599182C39B5C8004B7E4E /* BlackToastView.swift in Sources */ = {isa = PBXBuildFile; fileRef = A2B599172C39B5C8004B7E4E /* BlackToastView.swift */; };
		A2B599202C3B5470004B7E4E /* WhiteToastView.swift in Sources */ = {isa = PBXBuildFile; fileRef = A2B5991F2C3B5470004B7E4E /* WhiteToastView.swift */; };
		A2DEBF452C3BD0DD00DE14A9 /* UIScreen+.swift in Sources */ = {isa = PBXBuildFile; fileRef = A2DEBF442C3BD0DD00DE14A9 /* UIScreen+.swift */; };
		A2DEBF492C3BD7A300DE14A9 /* MyZipListBottomSheetViewController.swift in Sources */ = {isa = PBXBuildFile; fileRef = A2DEBF462C3BD7A300DE14A9 /* MyZipListBottomSheetViewController.swift */; };
		A2DEBF4A2C3BD7A300DE14A9 /* MyZipListCollectionViewCell.swift in Sources */ = {isa = PBXBuildFile; fileRef = A2DEBF472C3BD7A300DE14A9 /* MyZipListCollectionViewCell.swift */; };
		A2DEBF4C2C3BE1A600DE14A9 /* MyZipListHeaderView.swift in Sources */ = {isa = PBXBuildFile; fileRef = A2DEBF4B2C3BE1A600DE14A9 /* MyZipListHeaderView.swift */; };
		A2F27BE32C34EED1001E6514 /* Pretendard-Bold.otf in Resources */ = {isa = PBXBuildFile; fileRef = A2B5423D2C32A29300A6B225 /* Pretendard-Bold.otf */; };
		A2F27BE42C34EED4001E6514 /* Pretendard-SemiBold.otf in Resources */ = {isa = PBXBuildFile; fileRef = A2B5423C2C32A29300A6B225 /* Pretendard-SemiBold.otf */; };
		A2F27BE52C34EED6001E6514 /* Pretendard-Medium.otf in Resources */ = {isa = PBXBuildFile; fileRef = A2B5423F2C32A29400A6B225 /* Pretendard-Medium.otf */; };
		A2F27BE62C34EED9001E6514 /* Pretendard-Regular.otf in Resources */ = {isa = PBXBuildFile; fileRef = A2B5423B2C32A29300A6B225 /* Pretendard-Regular.otf */; };
		A2F27BFF2C3500DB001E6514 /* SUITE-SemiBold.otf in Resources */ = {isa = PBXBuildFile; fileRef = A2F27BFB2C3500DB001E6514 /* SUITE-SemiBold.otf */; };
		A2F27C002C3500DB001E6514 /* SUITE-Bold.otf in Resources */ = {isa = PBXBuildFile; fileRef = A2F27BFC2C3500DB001E6514 /* SUITE-Bold.otf */; };
		A2F27C012C3500DB001E6514 /* SUITE-Regular.otf in Resources */ = {isa = PBXBuildFile; fileRef = A2F27BFD2C3500DB001E6514 /* SUITE-Regular.otf */; };
		A2F27C022C3500DB001E6514 /* SUITE-Medium.otf in Resources */ = {isa = PBXBuildFile; fileRef = A2F27BFE2C3500DB001E6514 /* SUITE-Medium.otf */; };
		A2F27C042C353AEF001E6514 /* BaseView.swift in Sources */ = {isa = PBXBuildFile; fileRef = A2F27C032C353AEF001E6514 /* BaseView.swift */; };
		A2FF94102C31660E001ADA03 /* BaseTableViewCell.swift in Sources */ = {isa = PBXBuildFile; fileRef = A2FF940C2C31660E001ADA03 /* BaseTableViewCell.swift */; };
		A2FF94112C31660E001ADA03 /* BaseModel.swift in Sources */ = {isa = PBXBuildFile; fileRef = A2FF940D2C31660E001ADA03 /* BaseModel.swift */; };
		A2FF94122C31660E001ADA03 /* BaseViewController.swift in Sources */ = {isa = PBXBuildFile; fileRef = A2FF940E2C31660E001ADA03 /* BaseViewController.swift */; };
		A2FF94132C31660E001ADA03 /* BaseCollectionViewCell.swift in Sources */ = {isa = PBXBuildFile; fileRef = A2FF940F2C31660E001ADA03 /* BaseCollectionViewCell.swift */; };
/* End PBXBuildFile section */

/* Begin PBXFileReference section */
		838BEB022C38196300AAA153 /* TabBarItem.swift */ = {isa = PBXFileReference; lastKnownFileType = sourcecode.swift; path = TabBarItem.swift; sourceTree = "<group>"; };
		838BEB042C382B0700AAA153 /* TabBarController.swift */ = {isa = PBXFileReference; lastKnownFileType = sourcecode.swift; path = TabBarController.swift; sourceTree = "<group>"; };
		838D09D42C329A0A001400A4 /* Colors.xcassets */ = {isa = PBXFileReference; lastKnownFileType = folder.assetcatalog; path = Colors.xcassets; sourceTree = "<group>"; };
		83DA28952C3851BB004819FA /* HankkiNavigationType.swift */ = {isa = PBXFileReference; lastKnownFileType = sourcecode.swift; path = HankkiNavigationType.swift; sourceTree = "<group>"; };
		83DA28972C3852C5004819FA /* HankkiNavigationController.swift */ = {isa = PBXFileReference; lastKnownFileType = sourcecode.swift; path = HankkiNavigationController.swift; sourceTree = "<group>"; };
		83DBED722C255A180042BA48 /* Hankkijogbo.app */ = {isa = PBXFileReference; explicitFileType = wrapper.application; includeInIndex = 0; path = Hankkijogbo.app; sourceTree = BUILT_PRODUCTS_DIR; };
		83DBED752C255A180042BA48 /* AppDelegate.swift */ = {isa = PBXFileReference; lastKnownFileType = sourcecode.swift; path = AppDelegate.swift; sourceTree = "<group>"; };
		83DBED772C255A180042BA48 /* SceneDelegate.swift */ = {isa = PBXFileReference; lastKnownFileType = sourcecode.swift; path = SceneDelegate.swift; sourceTree = "<group>"; };
		83DBED792C255A180042BA48 /* ViewController.swift */ = {isa = PBXFileReference; lastKnownFileType = sourcecode.swift; path = ViewController.swift; sourceTree = "<group>"; };
		83DBED7E2C255A1A0042BA48 /* Assets.xcassets */ = {isa = PBXFileReference; lastKnownFileType = folder.assetcatalog; path = Assets.xcassets; sourceTree = "<group>"; };
		83DBED812C255A1A0042BA48 /* Base */ = {isa = PBXFileReference; lastKnownFileType = file.storyboard; name = Base; path = Base.lproj/LaunchScreen.storyboard; sourceTree = "<group>"; };
		83DBED832C255A1A0042BA48 /* Info.plist */ = {isa = PBXFileReference; lastKnownFileType = text.plist.xml; name = Info.plist; path = "Hankkijogbo/Global/Supporting Files/Info.plist"; sourceTree = SOURCE_ROOT; };
		83DBED912C2564990042BA48 /* HomeViewModel.swift */ = {isa = PBXFileReference; lastKnownFileType = sourcecode.swift; path = HomeViewModel.swift; sourceTree = "<group>"; };
		83DBED932C2564A20042BA48 /* HomeView.swift */ = {isa = PBXFileReference; lastKnownFileType = sourcecode.swift; path = HomeView.swift; sourceTree = "<group>"; };
		83DBED952C2564AC0042BA48 /* HomeViewController.swift */ = {isa = PBXFileReference; lastKnownFileType = sourcecode.swift; path = HomeViewController.swift; sourceTree = "<group>"; };
		83DBED972C2564B40042BA48 /* HomeModel.swift */ = {isa = PBXFileReference; lastKnownFileType = sourcecode.swift; path = HomeModel.swift; sourceTree = "<group>"; };
		83DBED9D2C2565150042BA48 /* response.swift */ = {isa = PBXFileReference; lastKnownFileType = sourcecode.swift; path = response.swift; sourceTree = "<group>"; };
		83DBED9F2C25651C0042BA48 /* request.swift */ = {isa = PBXFileReference; lastKnownFileType = sourcecode.swift; path = request.swift; sourceTree = "<group>"; };
		83DBEDA12C2565340042BA48 /* HomeAPIService.swift */ = {isa = PBXFileReference; lastKnownFileType = sourcecode.swift; path = HomeAPIService.swift; sourceTree = "<group>"; };
		83DBEDA32C25653F0042BA48 /* HomeTargetType.swift */ = {isa = PBXFileReference; lastKnownFileType = sourcecode.swift; path = HomeTargetType.swift; sourceTree = "<group>"; };
		83DBEDAF2C2566120042BA48 /* UIStackView+.swift */ = {isa = PBXFileReference; lastKnownFileType = sourcecode.swift; path = "UIStackView+.swift"; sourceTree = "<group>"; };
		83DBEDB12C2566230042BA48 /* ImageLiterals.swift */ = {isa = PBXFileReference; lastKnownFileType = sourcecode.swift; path = ImageLiterals.swift; sourceTree = "<group>"; };
		83DBEDB32C2566300042BA48 /* StringLiterals.swift */ = {isa = PBXFileReference; lastKnownFileType = sourcecode.swift; path = StringLiterals.swift; sourceTree = "<group>"; };
		83DBEDB52C2566380042BA48 /* FontLiterals.swift */ = {isa = PBXFileReference; lastKnownFileType = sourcecode.swift; path = FontLiterals.swift; sourceTree = "<group>"; };
		83DBEDB82C25666E0042BA48 /* MainButton.swift */ = {isa = PBXFileReference; lastKnownFileType = sourcecode.swift; path = MainButton.swift; sourceTree = "<group>"; };
		83DBEDBA2C2566830042BA48 /* AuthenticationAdapterProtocol.swift */ = {isa = PBXFileReference; lastKnownFileType = sourcecode.swift; path = AuthenticationAdapterProtocol.swift; sourceTree = "<group>"; };
		83DBEDC52C256A7A0042BA48 /* UIView+.swift */ = {isa = PBXFileReference; lastKnownFileType = sourcecode.swift; path = "UIView+.swift"; sourceTree = "<group>"; };
		83DBEDC72C256AD00042BA48 /* NSObject+.swift */ = {isa = PBXFileReference; lastKnownFileType = sourcecode.swift; path = "NSObject+.swift"; sourceTree = "<group>"; };
		83DBEDC92C256AE70042BA48 /* UIViewController+.swift */ = {isa = PBXFileReference; lastKnownFileType = sourcecode.swift; path = "UIViewController+.swift"; sourceTree = "<group>"; };
		83DBEDCB2C256B080042BA48 /* UILabel+.swift */ = {isa = PBXFileReference; lastKnownFileType = sourcecode.swift; path = "UILabel+.swift"; sourceTree = "<group>"; };
		83DBEDCD2C256B180042BA48 /* UIButton+.swift */ = {isa = PBXFileReference; lastKnownFileType = sourcecode.swift; path = "UIButton+.swift"; sourceTree = "<group>"; };
		83DBEDCF2C256B4C0042BA48 /* UITextField+.swift */ = {isa = PBXFileReference; lastKnownFileType = sourcecode.swift; path = "UITextField+.swift"; sourceTree = "<group>"; };
		83DBEDD12C256B7A0042BA48 /* UIColor+.swift */ = {isa = PBXFileReference; lastKnownFileType = sourcecode.swift; path = "UIColor+.swift"; sourceTree = "<group>"; };
		861704F62C38304D00D99E50 /* AlertViewController.swift */ = {isa = PBXFileReference; lastKnownFileType = sourcecode.swift; path = AlertViewController.swift; sourceTree = "<group>"; };
		864A89BB2C3B350900140B63 /* AlertStyle.swift */ = {isa = PBXFileReference; lastKnownFileType = sourcecode.swift; path = AlertStyle.swift; sourceTree = "<group>"; };
		A22D20C62C3162C9001AFAC6 /* .swiftlint.yml */ = {isa = PBXFileReference; lastKnownFileType = text.yaml; path = .swiftlint.yml; sourceTree = "<group>"; };
		A2B5423B2C32A29300A6B225 /* Pretendard-Regular.otf */ = {isa = PBXFileReference; lastKnownFileType = file; path = "Pretendard-Regular.otf"; sourceTree = "<group>"; };
		A2B5423C2C32A29300A6B225 /* Pretendard-SemiBold.otf */ = {isa = PBXFileReference; lastKnownFileType = file; path = "Pretendard-SemiBold.otf"; sourceTree = "<group>"; };
		A2B5423D2C32A29300A6B225 /* Pretendard-Bold.otf */ = {isa = PBXFileReference; lastKnownFileType = file; path = "Pretendard-Bold.otf"; sourceTree = "<group>"; };
		A2B5423F2C32A29400A6B225 /* Pretendard-Medium.otf */ = {isa = PBXFileReference; lastKnownFileType = file; path = "Pretendard-Medium.otf"; sourceTree = "<group>"; };
		A2B542422C32AF7500A6B225 /* UIFont+.swift */ = {isa = PBXFileReference; lastKnownFileType = sourcecode.swift; path = "UIFont+.swift"; sourceTree = "<group>"; };
		A2B599172C39B5C8004B7E4E /* BlackToastView.swift */ = {isa = PBXFileReference; lastKnownFileType = sourcecode.swift; path = BlackToastView.swift; sourceTree = "<group>"; };
		A2B5991F2C3B5470004B7E4E /* WhiteToastView.swift */ = {isa = PBXFileReference; lastKnownFileType = sourcecode.swift; path = WhiteToastView.swift; sourceTree = "<group>"; };
		A2DEBF442C3BD0DD00DE14A9 /* UIScreen+.swift */ = {isa = PBXFileReference; lastKnownFileType = sourcecode.swift; path = "UIScreen+.swift"; sourceTree = "<group>"; };
		A2DEBF462C3BD7A300DE14A9 /* MyZipListBottomSheetViewController.swift */ = {isa = PBXFileReference; fileEncoding = 4; lastKnownFileType = sourcecode.swift; path = MyZipListBottomSheetViewController.swift; sourceTree = "<group>"; };
		A2DEBF472C3BD7A300DE14A9 /* MyZipListCollectionViewCell.swift */ = {isa = PBXFileReference; fileEncoding = 4; lastKnownFileType = sourcecode.swift; path = MyZipListCollectionViewCell.swift; sourceTree = "<group>"; };
		A2DEBF4B2C3BE1A600DE14A9 /* MyZipListHeaderView.swift */ = {isa = PBXFileReference; lastKnownFileType = sourcecode.swift; path = MyZipListHeaderView.swift; sourceTree = "<group>"; };
		A2F27BFB2C3500DB001E6514 /* SUITE-SemiBold.otf */ = {isa = PBXFileReference; lastKnownFileType = file; path = "SUITE-SemiBold.otf"; sourceTree = "<group>"; };
		A2F27BFC2C3500DB001E6514 /* SUITE-Bold.otf */ = {isa = PBXFileReference; lastKnownFileType = file; path = "SUITE-Bold.otf"; sourceTree = "<group>"; };
		A2F27BFD2C3500DB001E6514 /* SUITE-Regular.otf */ = {isa = PBXFileReference; lastKnownFileType = file; path = "SUITE-Regular.otf"; sourceTree = "<group>"; };
		A2F27BFE2C3500DB001E6514 /* SUITE-Medium.otf */ = {isa = PBXFileReference; lastKnownFileType = file; path = "SUITE-Medium.otf"; sourceTree = "<group>"; };
		A2F27C032C353AEF001E6514 /* BaseView.swift */ = {isa = PBXFileReference; lastKnownFileType = sourcecode.swift; path = BaseView.swift; sourceTree = "<group>"; };
		A2FF940C2C31660E001ADA03 /* BaseTableViewCell.swift */ = {isa = PBXFileReference; fileEncoding = 4; lastKnownFileType = sourcecode.swift; path = BaseTableViewCell.swift; sourceTree = "<group>"; };
		A2FF940D2C31660E001ADA03 /* BaseModel.swift */ = {isa = PBXFileReference; fileEncoding = 4; lastKnownFileType = sourcecode.swift; path = BaseModel.swift; sourceTree = "<group>"; };
		A2FF940E2C31660E001ADA03 /* BaseViewController.swift */ = {isa = PBXFileReference; fileEncoding = 4; lastKnownFileType = sourcecode.swift; path = BaseViewController.swift; sourceTree = "<group>"; };
		A2FF940F2C31660E001ADA03 /* BaseCollectionViewCell.swift */ = {isa = PBXFileReference; fileEncoding = 4; lastKnownFileType = sourcecode.swift; path = BaseCollectionViewCell.swift; sourceTree = "<group>"; };
/* End PBXFileReference section */

/* Begin PBXFrameworksBuildPhase section */
		83DBED6F2C255A180042BA48 /* Frameworks */ = {
			isa = PBXFrameworksBuildPhase;
			buildActionMask = 2147483647;
			files = (
				83DBEDBE2C25698B0042BA48 /* Then in Frameworks */,
				83DBEDC12C2569A80042BA48 /* SnapKit in Frameworks */,
				83DBEDC42C256A3B0042BA48 /* Moya in Frameworks */,
			);
			runOnlyForDeploymentPostprocessing = 0;
		};
/* End PBXFrameworksBuildPhase section */

/* Begin PBXGroup section */
		838BEB012C38193800AAA153 /* TabBar */ = {
			isa = PBXGroup;
			children = (
				838BEB022C38196300AAA153 /* TabBarItem.swift */,
				838BEB042C382B0700AAA153 /* TabBarController.swift */,
			);
			path = TabBar;
			sourceTree = "<group>";
		};
		83DA28942C38519B004819FA /* HankkiNavigationController */ = {
			isa = PBXGroup;
			children = (
				83DA28952C3851BB004819FA /* HankkiNavigationType.swift */,
				83DA28972C3852C5004819FA /* HankkiNavigationController.swift */,
			);
			path = HankkiNavigationController;
			sourceTree = "<group>";
		};
		83DBED692C255A180042BA48 = {
			isa = PBXGroup;
			children = (
				83DBED742C255A180042BA48 /* Hankkijogbo */,
				83DBED732C255A180042BA48 /* Products */,
			);
			sourceTree = "<group>";
		};
		83DBED732C255A180042BA48 /* Products */ = {
			isa = PBXGroup;
			children = (
				83DBED722C255A180042BA48 /* Hankkijogbo.app */,
			);
			name = Products;
			sourceTree = "<group>";
		};
		83DBED742C255A180042BA48 /* Hankkijogbo */ = {
			isa = PBXGroup;
			children = (
				A22D20C62C3162C9001AFAC6 /* .swiftlint.yml */,
				83DBED892C2564480042BA48 /* Application */,
				83DBED8C2C25646F0042BA48 /* Global */,
				83DBED8B2C2564670042BA48 /* Network */,
				83DBED8A2C25645B0042BA48 /* Present */,
			);
			path = Hankkijogbo;
			sourceTree = "<group>";
		};
		83DBED892C2564480042BA48 /* Application */ = {
			isa = PBXGroup;
			children = (
				83DBED772C255A180042BA48 /* SceneDelegate.swift */,
				83DBED752C255A180042BA48 /* AppDelegate.swift */,
			);
			path = Application;
			sourceTree = "<group>";
		};
		83DBED8A2C25645B0042BA48 /* Present */ = {
			isa = PBXGroup;
			children = (
				A22D20C92C3165B6001AFAC6 /* Base */,
				83DBED792C255A180042BA48 /* ViewController.swift */,
				83DBED8D2C2564790042BA48 /* Home */,
				A2B599192C39D0BC004B7E4E /* MyZip */,
			);
			path = Present;
			sourceTree = "<group>";
		};
		83DBED8B2C2564670042BA48 /* Network */ = {
			isa = PBXGroup;
			children = (
				83DBED992C2564C50042BA48 /* Home */,
			);
			path = Network;
			sourceTree = "<group>";
		};
		83DBED8C2C25646F0042BA48 /* Global */ = {
			isa = PBXGroup;
			children = (
				83DBEDAA2C2565980042BA48 /* Protocols */,
				83DBEDA92C2565920042BA48 /* Components */,
				83DBEDA82C25658C0042BA48 /* Consts */,
				83DBEDA72C2565840042BA48 /* Extensions */,
				83DBEDA62C25657B0042BA48 /* Resources */,
				83DBEDA52C25656D0042BA48 /* Supporting Files */,
			);
			path = Global;
			sourceTree = "<group>";
		};
		83DBED8D2C2564790042BA48 /* Home */ = {
			isa = PBXGroup;
			children = (
				83DBED902C2564900042BA48 /* Model */,
				83DBED8F2C25648B0042BA48 /* View */,
				83DBED8E2C2564820042BA48 /* ViewModel */,
			);
			path = Home;
			sourceTree = "<group>";
		};
		83DBED8E2C2564820042BA48 /* ViewModel */ = {
			isa = PBXGroup;
			children = (
				83DBED912C2564990042BA48 /* HomeViewModel.swift */,
			);
			path = ViewModel;
			sourceTree = "<group>";
		};
		83DBED8F2C25648B0042BA48 /* View */ = {
			isa = PBXGroup;
			children = (
				83DBED932C2564A20042BA48 /* HomeView.swift */,
				83DBED952C2564AC0042BA48 /* HomeViewController.swift */,
			);
			path = View;
			sourceTree = "<group>";
		};
		83DBED902C2564900042BA48 /* Model */ = {
			isa = PBXGroup;
			children = (
				83DBED972C2564B40042BA48 /* HomeModel.swift */,
			);
			path = Model;
			sourceTree = "<group>";
		};
		83DBED992C2564C50042BA48 /* Home */ = {
			isa = PBXGroup;
			children = (
				83DBED9A2C2564D80042BA48 /* DTO */,
				83DBEDA32C25653F0042BA48 /* HomeTargetType.swift */,
				83DBEDA12C2565340042BA48 /* HomeAPIService.swift */,
			);
			path = Home;
			sourceTree = "<group>";
		};
		83DBED9A2C2564D80042BA48 /* DTO */ = {
			isa = PBXGroup;
			children = (
				83DBED9B2C2564F70042BA48 /* Request */,
				83DBED9C2C2564FD0042BA48 /* Response */,
			);
			path = DTO;
			sourceTree = "<group>";
		};
		83DBED9B2C2564F70042BA48 /* Request */ = {
			isa = PBXGroup;
			children = (
				83DBED9F2C25651C0042BA48 /* request.swift */,
			);
			path = Request;
			sourceTree = "<group>";
		};
		83DBED9C2C2564FD0042BA48 /* Response */ = {
			isa = PBXGroup;
			children = (
				83DBED9D2C2565150042BA48 /* response.swift */,
			);
			path = Response;
			sourceTree = "<group>";
		};
		83DBEDA52C25656D0042BA48 /* Supporting Files */ = {
			isa = PBXGroup;
			children = (
				83DBED832C255A1A0042BA48 /* Info.plist */,
			);
			path = "Supporting Files";
			sourceTree = "<group>";
		};
		83DBEDA62C25657B0042BA48 /* Resources */ = {
			isa = PBXGroup;
			children = (
				83DBEDAE2C2565E10042BA48 /* Assets */,
				83DBEDAB2C2565B20042BA48 /* Fonts */,
				83DBED802C255A1A0042BA48 /* LaunchScreen.storyboard */,
			);
			path = Resources;
			sourceTree = "<group>";
		};
		83DBEDA72C2565840042BA48 /* Extensions */ = {
			isa = PBXGroup;
			children = (
				83DBEDC72C256AD00042BA48 /* NSObject+.swift */,
				A2DEBF442C3BD0DD00DE14A9 /* UIScreen+.swift */,
				83DBEDD12C256B7A0042BA48 /* UIColor+.swift */,
				A2B542422C32AF7500A6B225 /* UIFont+.swift */,
				83DBEDC52C256A7A0042BA48 /* UIView+.swift */,
				83DBEDAF2C2566120042BA48 /* UIStackView+.swift */,
				83DBEDC92C256AE70042BA48 /* UIViewController+.swift */,
				83DBEDCB2C256B080042BA48 /* UILabel+.swift */,
				83DBEDCD2C256B180042BA48 /* UIButton+.swift */,
				83DBEDCF2C256B4C0042BA48 /* UITextField+.swift */,
			);
			path = Extensions;
			sourceTree = "<group>";
		};
		83DBEDA82C25658C0042BA48 /* Consts */ = {
			isa = PBXGroup;
			children = (
				83DBEDB12C2566230042BA48 /* ImageLiterals.swift */,
				83DBEDB32C2566300042BA48 /* StringLiterals.swift */,
				83DBEDB52C2566380042BA48 /* FontLiterals.swift */,
			);
			path = Consts;
			sourceTree = "<group>";
		};
		83DBEDA92C2565920042BA48 /* Components */ = {
			isa = PBXGroup;
			children = (
				A2B599162C39B497004B7E4E /* HankkiToasts */,
				861704F52C38303300D99E50 /* HankkiAlerts */,
				83DA28942C38519B004819FA /* HankkiNavigationController */,
				838BEB012C38193800AAA153 /* TabBar */,
				83DBEDB72C25664A0042BA48 /* HankkiButtons */,
			);
			path = Components;
			sourceTree = "<group>";
		};
		83DBEDAA2C2565980042BA48 /* Protocols */ = {
			isa = PBXGroup;
			children = (
				83DBEDBA2C2566830042BA48 /* AuthenticationAdapterProtocol.swift */,
			);
			path = Protocols;
			sourceTree = "<group>";
		};
		83DBEDAB2C2565B20042BA48 /* Fonts */ = {
			isa = PBXGroup;
			children = (
				A2B542382C32A29300A6B225 /* Pretendard */,
				A2B542252C32A26600A6B225 /* SUITE */,
			);
			path = Fonts;
			sourceTree = "<group>";
		};
		83DBEDAE2C2565E10042BA48 /* Assets */ = {
			isa = PBXGroup;
			children = (
				83DBED7E2C255A1A0042BA48 /* Assets.xcassets */,
				838D09D42C329A0A001400A4 /* Colors.xcassets */,
			);
			path = Assets;
			sourceTree = "<group>";
		};
		83DBEDB72C25664A0042BA48 /* HankkiButtons */ = {
			isa = PBXGroup;
			children = (
				83DBEDB82C25666E0042BA48 /* MainButton.swift */,
			);
			path = HankkiButtons;
			sourceTree = "<group>";
		};
		861704F52C38303300D99E50 /* HankkiAlerts */ = {
			isa = PBXGroup;
			children = (
				861704F62C38304D00D99E50 /* AlertViewController.swift */,
				864A89BB2C3B350900140B63 /* AlertStyle.swift */,
			);
			path = HankkiAlerts;
			sourceTree = "<group>";
		};
		A22D20C92C3165B6001AFAC6 /* Base */ = {
			isa = PBXGroup;
			children = (
				A2FF940D2C31660E001ADA03 /* BaseModel.swift */,
				A2FF940E2C31660E001ADA03 /* BaseViewController.swift */,
				A2FF940C2C31660E001ADA03 /* BaseTableViewCell.swift */,
				A2FF940F2C31660E001ADA03 /* BaseCollectionViewCell.swift */,
				A2F27C032C353AEF001E6514 /* BaseView.swift */,
			);
			path = Base;
			sourceTree = "<group>";
		};
		A2B542252C32A26600A6B225 /* SUITE */ = {
			isa = PBXGroup;
			children = (
				A2F27BFC2C3500DB001E6514 /* SUITE-Bold.otf */,
				A2F27BFB2C3500DB001E6514 /* SUITE-SemiBold.otf */,
				A2F27BFE2C3500DB001E6514 /* SUITE-Medium.otf */,
				A2F27BFD2C3500DB001E6514 /* SUITE-Regular.otf */,
			);
			path = SUITE;
			sourceTree = "<group>";
		};
		A2B542382C32A29300A6B225 /* Pretendard */ = {
			isa = PBXGroup;
			children = (
				A2B5423D2C32A29300A6B225 /* Pretendard-Bold.otf */,
				A2B5423C2C32A29300A6B225 /* Pretendard-SemiBold.otf */,
				A2B5423F2C32A29400A6B225 /* Pretendard-Medium.otf */,
				A2B5423B2C32A29300A6B225 /* Pretendard-Regular.otf */,
			);
			path = Pretendard;
			sourceTree = "<group>";
		};
		A2B599162C39B497004B7E4E /* HankkiToasts */ = {
			isa = PBXGroup;
			children = (
				A2B599172C39B5C8004B7E4E /* BlackToastView.swift */,
				A2B5991F2C3B5470004B7E4E /* WhiteToastView.swift */,
			);
			path = HankkiToasts;
			sourceTree = "<group>";
		};
		A2B599192C39D0BC004B7E4E /* MyZip */ = {
			isa = PBXGroup;
			children = (
				A2DEBF482C3BD7A300DE14A9 /* View */,
			);
			path = MyZip;
			sourceTree = "<group>";
		};
		A2DEBF482C3BD7A300DE14A9 /* View */ = {
			isa = PBXGroup;
			children = (
				A2DEBF462C3BD7A300DE14A9 /* MyZipListBottomSheetViewController.swift */,
				A2DEBF4B2C3BE1A600DE14A9 /* MyZipListHeaderView.swift */,
				A2DEBF472C3BD7A300DE14A9 /* MyZipListCollectionViewCell.swift */,
			);
			path = View;
			sourceTree = "<group>";
		};
/* End PBXGroup section */

/* Begin PBXNativeTarget section */
		83DBED712C255A180042BA48 /* Hankkijogbo */ = {
			isa = PBXNativeTarget;
			buildConfigurationList = 83DBED862C255A1A0042BA48 /* Build configuration list for PBXNativeTarget "Hankkijogbo" */;
			buildPhases = (
				83DBED6E2C255A180042BA48 /* Sources */,
				83DBED6F2C255A180042BA48 /* Frameworks */,
				83DBED702C255A180042BA48 /* Resources */,
				A22D20C52C31628A001AFAC6 /* ShellScript */,
			);
			buildRules = (
			);
			dependencies = (
			);
			name = Hankkijogbo;
			packageProductDependencies = (
				83DBEDBD2C25698B0042BA48 /* Then */,
				83DBEDC02C2569A80042BA48 /* SnapKit */,
				83DBEDC32C256A3B0042BA48 /* Moya */,
			);
			productName = Hankkijogbo;
			productReference = 83DBED722C255A180042BA48 /* Hankkijogbo.app */;
			productType = "com.apple.product-type.application";
		};
/* End PBXNativeTarget section */

/* Begin PBXProject section */
		83DBED6A2C255A180042BA48 /* Project object */ = {
			isa = PBXProject;
			attributes = {
				BuildIndependentTargetsInParallel = 1;
				LastSwiftUpdateCheck = 1520;
				LastUpgradeCheck = 1520;
				TargetAttributes = {
					83DBED712C255A180042BA48 = {
						CreatedOnToolsVersion = 15.2;
					};
				};
			};
			buildConfigurationList = 83DBED6D2C255A180042BA48 /* Build configuration list for PBXProject "Hankkijogbo" */;
			compatibilityVersion = "Xcode 14.0";
			developmentRegion = en;
			hasScannedForEncodings = 0;
			knownRegions = (
				en,
				Base,
			);
			mainGroup = 83DBED692C255A180042BA48;
			packageReferences = (
				83DBEDBC2C25698A0042BA48 /* XCRemoteSwiftPackageReference "Then" */,
				83DBEDBF2C2569A80042BA48 /* XCRemoteSwiftPackageReference "SnapKit" */,
				83DBEDC22C256A3B0042BA48 /* XCRemoteSwiftPackageReference "Moya" */,
			);
			productRefGroup = 83DBED732C255A180042BA48 /* Products */;
			projectDirPath = "";
			projectRoot = "";
			targets = (
				83DBED712C255A180042BA48 /* Hankkijogbo */,
			);
		};
/* End PBXProject section */

/* Begin PBXResourcesBuildPhase section */
		83DBED702C255A180042BA48 /* Resources */ = {
			isa = PBXResourcesBuildPhase;
			buildActionMask = 2147483647;
			files = (
				A2F27C022C3500DB001E6514 /* SUITE-Medium.otf in Resources */,
				A22D20C72C3162C9001AFAC6 /* .swiftlint.yml in Resources */,
				A2F27BE32C34EED1001E6514 /* Pretendard-Bold.otf in Resources */,
				A2F27C002C3500DB001E6514 /* SUITE-Bold.otf in Resources */,
				A2F27BE42C34EED4001E6514 /* Pretendard-SemiBold.otf in Resources */,
				838D09D52C329A0A001400A4 /* Colors.xcassets in Resources */,
				83DBED822C255A1A0042BA48 /* LaunchScreen.storyboard in Resources */,
				A2F27C012C3500DB001E6514 /* SUITE-Regular.otf in Resources */,
				A2F27BE62C34EED9001E6514 /* Pretendard-Regular.otf in Resources */,
				83DBED7F2C255A1A0042BA48 /* Assets.xcassets in Resources */,
				A2F27BE52C34EED6001E6514 /* Pretendard-Medium.otf in Resources */,
				A2F27BFF2C3500DB001E6514 /* SUITE-SemiBold.otf in Resources */,
			);
			runOnlyForDeploymentPostprocessing = 0;
		};
/* End PBXResourcesBuildPhase section */

/* Begin PBXShellScriptBuildPhase section */
		A22D20C52C31628A001AFAC6 /* ShellScript */ = {
			isa = PBXShellScriptBuildPhase;
			buildActionMask = 2147483647;
			files = (
			);
			inputFileListPaths = (
			);
			inputPaths = (
			);
			outputFileListPaths = (
			);
			outputPaths = (
			);
			runOnlyForDeploymentPostprocessing = 0;
			shellPath = /bin/sh;
			shellScript = "if test -d \"/opt/homebrew/bin/\"; then\n  PATH=\"/opt/homebrew/bin/:${PATH}\"\nfi\n\nexport PATH\n\nif which swiftlint >/dev/null; then\n  swiftlint\nelse\n  echo \"warning: SwiftLint not installed, download from https://github.com/realm/SwiftLint\"\nfi\n";
		};
/* End PBXShellScriptBuildPhase section */

/* Begin PBXSourcesBuildPhase section */
		83DBED6E2C255A180042BA48 /* Sources */ = {
			isa = PBXSourcesBuildPhase;
			buildActionMask = 2147483647;
			files = (
				83DBED9E2C2565150042BA48 /* response.swift in Sources */,
				A2DEBF4C2C3BE1A600DE14A9 /* MyZipListHeaderView.swift in Sources */,
				A2DEBF452C3BD0DD00DE14A9 /* UIScreen+.swift in Sources */,
				838BEB052C382B0700AAA153 /* TabBarController.swift in Sources */,
				838BEB032C38196300AAA153 /* TabBarItem.swift in Sources */,
				83DBEDBB2C2566830042BA48 /* AuthenticationAdapterProtocol.swift in Sources */,
				A2B599182C39B5C8004B7E4E /* BlackToastView.swift in Sources */,
				83DBED7A2C255A180042BA48 /* ViewController.swift in Sources */,
				83DBEDA02C25651C0042BA48 /* request.swift in Sources */,
				864A89BC2C3B350900140B63 /* AlertStyle.swift in Sources */,
				A2FF94122C31660E001ADA03 /* BaseViewController.swift in Sources */,
				83DBEDC82C256AD00042BA48 /* NSObject+.swift in Sources */,
				83DBEDB62C2566380042BA48 /* FontLiterals.swift in Sources */,
				83DBED762C255A180042BA48 /* AppDelegate.swift in Sources */,
				83DBEDCC2C256B080042BA48 /* UILabel+.swift in Sources */,
				861704F72C38304D00D99E50 /* AlertViewController.swift in Sources */,
				83DBEDB22C2566230042BA48 /* ImageLiterals.swift in Sources */,
				83DBEDB42C2566300042BA48 /* StringLiterals.swift in Sources */,
				83DBED782C255A180042BA48 /* SceneDelegate.swift in Sources */,
				83DBEDCE2C256B180042BA48 /* UIButton+.swift in Sources */,
				83DBEDB92C25666E0042BA48 /* MainButton.swift in Sources */,
				83DA28962C3851BB004819FA /* HankkiNavigationType.swift in Sources */,
				83DBEDD22C256B7A0042BA48 /* UIColor+.swift in Sources */,
				83DBED982C2564B40042BA48 /* HomeModel.swift in Sources */,
				83DBEDD02C256B4C0042BA48 /* UITextField+.swift in Sources */,
				A2B542432C32AF7500A6B225 /* UIFont+.swift in Sources */,
				83DBED942C2564A20042BA48 /* HomeView.swift in Sources */,
				A2FF94112C31660E001ADA03 /* BaseModel.swift in Sources */,
				83DBEDCA2C256AE70042BA48 /* UIViewController+.swift in Sources */,
				A2B599202C3B5470004B7E4E /* WhiteToastView.swift in Sources */,
				83DA28982C3852C5004819FA /* HankkiNavigationController.swift in Sources */,
				A2FF94132C31660E001ADA03 /* BaseCollectionViewCell.swift in Sources */,
				83DBED922C2564990042BA48 /* HomeViewModel.swift in Sources */,
				83DBEDA42C25653F0042BA48 /* HomeTargetType.swift in Sources */,
				83DBEDC62C256A7A0042BA48 /* UIView+.swift in Sources */,
				83DBEDB02C2566120042BA48 /* UIStackView+.swift in Sources */,
				83DBED962C2564AC0042BA48 /* HomeViewController.swift in Sources */,
				A2F27C042C353AEF001E6514 /* BaseView.swift in Sources */,
				A2DEBF492C3BD7A300DE14A9 /* MyZipListBottomSheetViewController.swift in Sources */,
				A2DEBF4A2C3BD7A300DE14A9 /* MyZipListCollectionViewCell.swift in Sources */,
				A2FF94102C31660E001ADA03 /* BaseTableViewCell.swift in Sources */,
				83DBEDA22C2565340042BA48 /* HomeAPIService.swift in Sources */,
			);
			runOnlyForDeploymentPostprocessing = 0;
		};
/* End PBXSourcesBuildPhase section */

/* Begin PBXVariantGroup section */
		83DBED802C255A1A0042BA48 /* LaunchScreen.storyboard */ = {
			isa = PBXVariantGroup;
			children = (
				83DBED812C255A1A0042BA48 /* Base */,
			);
			name = LaunchScreen.storyboard;
			sourceTree = "<group>";
		};
/* End PBXVariantGroup section */

/* Begin XCBuildConfiguration section */
		83DBED842C255A1A0042BA48 /* Debug */ = {
			isa = XCBuildConfiguration;
			buildSettings = {
				ALWAYS_SEARCH_USER_PATHS = NO;
				ASSETCATALOG_COMPILER_GENERATE_SWIFT_ASSET_SYMBOL_EXTENSIONS = YES;
				CLANG_ANALYZER_NONNULL = YES;
				CLANG_ANALYZER_NUMBER_OBJECT_CONVERSION = YES_AGGRESSIVE;
				CLANG_CXX_LANGUAGE_STANDARD = "gnu++20";
				CLANG_ENABLE_MODULES = YES;
				CLANG_ENABLE_OBJC_ARC = YES;
				CLANG_ENABLE_OBJC_WEAK = YES;
				CLANG_WARN_BLOCK_CAPTURE_AUTORELEASING = YES;
				CLANG_WARN_BOOL_CONVERSION = YES;
				CLANG_WARN_COMMA = YES;
				CLANG_WARN_CONSTANT_CONVERSION = YES;
				CLANG_WARN_DEPRECATED_OBJC_IMPLEMENTATIONS = YES;
				CLANG_WARN_DIRECT_OBJC_ISA_USAGE = YES_ERROR;
				CLANG_WARN_DOCUMENTATION_COMMENTS = YES;
				CLANG_WARN_EMPTY_BODY = YES;
				CLANG_WARN_ENUM_CONVERSION = YES;
				CLANG_WARN_INFINITE_RECURSION = YES;
				CLANG_WARN_INT_CONVERSION = YES;
				CLANG_WARN_NON_LITERAL_NULL_CONVERSION = YES;
				CLANG_WARN_OBJC_IMPLICIT_RETAIN_SELF = YES;
				CLANG_WARN_OBJC_LITERAL_CONVERSION = YES;
				CLANG_WARN_OBJC_ROOT_CLASS = YES_ERROR;
				CLANG_WARN_QUOTED_INCLUDE_IN_FRAMEWORK_HEADER = YES;
				CLANG_WARN_RANGE_LOOP_ANALYSIS = YES;
				CLANG_WARN_STRICT_PROTOTYPES = YES;
				CLANG_WARN_SUSPICIOUS_MOVE = YES;
				CLANG_WARN_UNGUARDED_AVAILABILITY = YES_AGGRESSIVE;
				CLANG_WARN_UNREACHABLE_CODE = YES;
				CLANG_WARN__DUPLICATE_METHOD_MATCH = YES;
				COPY_PHASE_STRIP = NO;
				DEBUG_INFORMATION_FORMAT = dwarf;
				ENABLE_STRICT_OBJC_MSGSEND = YES;
				ENABLE_TESTABILITY = YES;
				ENABLE_USER_SCRIPT_SANDBOXING = YES;
				GCC_C_LANGUAGE_STANDARD = gnu17;
				GCC_DYNAMIC_NO_PIC = NO;
				GCC_NO_COMMON_BLOCKS = YES;
				GCC_OPTIMIZATION_LEVEL = 0;
				GCC_PREPROCESSOR_DEFINITIONS = (
					"DEBUG=1",
					"$(inherited)",
				);
				GCC_WARN_64_TO_32_BIT_CONVERSION = YES;
				GCC_WARN_ABOUT_RETURN_TYPE = YES_ERROR;
				GCC_WARN_UNDECLARED_SELECTOR = YES;
				GCC_WARN_UNINITIALIZED_AUTOS = YES_AGGRESSIVE;
				GCC_WARN_UNUSED_FUNCTION = YES;
				GCC_WARN_UNUSED_VARIABLE = YES;
				IPHONEOS_DEPLOYMENT_TARGET = 17.0;
				LOCALIZATION_PREFERS_STRING_CATALOGS = YES;
				MTL_ENABLE_DEBUG_INFO = INCLUDE_SOURCE;
				MTL_FAST_MATH = YES;
				ONLY_ACTIVE_ARCH = YES;
				SDKROOT = iphoneos;
				SWIFT_ACTIVE_COMPILATION_CONDITIONS = "DEBUG $(inherited)";
				SWIFT_OPTIMIZATION_LEVEL = "-Onone";
			};
			name = Debug;
		};
		83DBED852C255A1A0042BA48 /* Release */ = {
			isa = XCBuildConfiguration;
			buildSettings = {
				ALWAYS_SEARCH_USER_PATHS = NO;
				ASSETCATALOG_COMPILER_GENERATE_SWIFT_ASSET_SYMBOL_EXTENSIONS = YES;
				CLANG_ANALYZER_NONNULL = YES;
				CLANG_ANALYZER_NUMBER_OBJECT_CONVERSION = YES_AGGRESSIVE;
				CLANG_CXX_LANGUAGE_STANDARD = "gnu++20";
				CLANG_ENABLE_MODULES = YES;
				CLANG_ENABLE_OBJC_ARC = YES;
				CLANG_ENABLE_OBJC_WEAK = YES;
				CLANG_WARN_BLOCK_CAPTURE_AUTORELEASING = YES;
				CLANG_WARN_BOOL_CONVERSION = YES;
				CLANG_WARN_COMMA = YES;
				CLANG_WARN_CONSTANT_CONVERSION = YES;
				CLANG_WARN_DEPRECATED_OBJC_IMPLEMENTATIONS = YES;
				CLANG_WARN_DIRECT_OBJC_ISA_USAGE = YES_ERROR;
				CLANG_WARN_DOCUMENTATION_COMMENTS = YES;
				CLANG_WARN_EMPTY_BODY = YES;
				CLANG_WARN_ENUM_CONVERSION = YES;
				CLANG_WARN_INFINITE_RECURSION = YES;
				CLANG_WARN_INT_CONVERSION = YES;
				CLANG_WARN_NON_LITERAL_NULL_CONVERSION = YES;
				CLANG_WARN_OBJC_IMPLICIT_RETAIN_SELF = YES;
				CLANG_WARN_OBJC_LITERAL_CONVERSION = YES;
				CLANG_WARN_OBJC_ROOT_CLASS = YES_ERROR;
				CLANG_WARN_QUOTED_INCLUDE_IN_FRAMEWORK_HEADER = YES;
				CLANG_WARN_RANGE_LOOP_ANALYSIS = YES;
				CLANG_WARN_STRICT_PROTOTYPES = YES;
				CLANG_WARN_SUSPICIOUS_MOVE = YES;
				CLANG_WARN_UNGUARDED_AVAILABILITY = YES_AGGRESSIVE;
				CLANG_WARN_UNREACHABLE_CODE = YES;
				CLANG_WARN__DUPLICATE_METHOD_MATCH = YES;
				COPY_PHASE_STRIP = NO;
				DEBUG_INFORMATION_FORMAT = "dwarf-with-dsym";
				ENABLE_NS_ASSERTIONS = NO;
				ENABLE_STRICT_OBJC_MSGSEND = YES;
				ENABLE_USER_SCRIPT_SANDBOXING = YES;
				GCC_C_LANGUAGE_STANDARD = gnu17;
				GCC_NO_COMMON_BLOCKS = YES;
				GCC_WARN_64_TO_32_BIT_CONVERSION = YES;
				GCC_WARN_ABOUT_RETURN_TYPE = YES_ERROR;
				GCC_WARN_UNDECLARED_SELECTOR = YES;
				GCC_WARN_UNINITIALIZED_AUTOS = YES_AGGRESSIVE;
				GCC_WARN_UNUSED_FUNCTION = YES;
				GCC_WARN_UNUSED_VARIABLE = YES;
				IPHONEOS_DEPLOYMENT_TARGET = 17.0;
				LOCALIZATION_PREFERS_STRING_CATALOGS = YES;
				MTL_ENABLE_DEBUG_INFO = NO;
				MTL_FAST_MATH = YES;
				SDKROOT = iphoneos;
				SWIFT_COMPILATION_MODE = wholemodule;
				VALIDATE_PRODUCT = YES;
			};
			name = Release;
		};
		83DBED872C255A1A0042BA48 /* Debug */ = {
			isa = XCBuildConfiguration;
			buildSettings = {
				ASSETCATALOG_COMPILER_APPICON_NAME = AppIcon;
				ASSETCATALOG_COMPILER_GLOBAL_ACCENT_COLOR_NAME = AccentColor;
				CODE_SIGN_STYLE = Automatic;
				CURRENT_PROJECT_VERSION = 1;
				DEVELOPMENT_TEAM = KT2Q6HC762;
				ENABLE_USER_SCRIPT_SANDBOXING = NO;
				GENERATE_INFOPLIST_FILE = YES;
				INFOPLIST_FILE = "Hankkijogbo/Global/Supporting Files/Info.plist";
				INFOPLIST_KEY_CFBundleDisplayName = HANKKI;
				INFOPLIST_KEY_UIApplicationSupportsIndirectInputEvents = YES;
				INFOPLIST_KEY_UILaunchStoryboardName = LaunchScreen;
				INFOPLIST_KEY_UISupportedInterfaceOrientations = UIInterfaceOrientationPortrait;
				INFOPLIST_KEY_UISupportedInterfaceOrientations_iPad = "UIInterfaceOrientationLandscapeLeft UIInterfaceOrientationLandscapeRight UIInterfaceOrientationPortrait UIInterfaceOrientationPortraitUpsideDown";
				IPHONEOS_DEPLOYMENT_TARGET = 15.0;
				LD_RUNPATH_SEARCH_PATHS = (
					"$(inherited)",
					"@executable_path/Frameworks",
				);
				MARKETING_VERSION = 1.0;
				PRODUCT_BUNDLE_IDENTIFIER = com.hankki.Hankkijogbo;
				PRODUCT_NAME = "$(TARGET_NAME)";
				SUPPORTED_PLATFORMS = "iphoneos iphonesimulator";
				SUPPORTS_MACCATALYST = NO;
				SWIFT_EMIT_LOC_STRINGS = YES;
				SWIFT_VERSION = 5.0;
				TARGETED_DEVICE_FAMILY = 1;
			};
			name = Debug;
		};
		83DBED882C255A1A0042BA48 /* Release */ = {
			isa = XCBuildConfiguration;
			buildSettings = {
				ASSETCATALOG_COMPILER_APPICON_NAME = AppIcon;
				ASSETCATALOG_COMPILER_GLOBAL_ACCENT_COLOR_NAME = AccentColor;
				CODE_SIGN_STYLE = Automatic;
				CURRENT_PROJECT_VERSION = 1;
				DEVELOPMENT_TEAM = KT2Q6HC762;
				ENABLE_USER_SCRIPT_SANDBOXING = NO;
				GENERATE_INFOPLIST_FILE = YES;
				INFOPLIST_FILE = "Hankkijogbo/Global/Supporting Files/Info.plist";
				INFOPLIST_KEY_CFBundleDisplayName = HANKKI;
				INFOPLIST_KEY_UIApplicationSupportsIndirectInputEvents = YES;
				INFOPLIST_KEY_UILaunchStoryboardName = LaunchScreen;
				INFOPLIST_KEY_UISupportedInterfaceOrientations = UIInterfaceOrientationPortrait;
				INFOPLIST_KEY_UISupportedInterfaceOrientations_iPad = "UIInterfaceOrientationLandscapeLeft UIInterfaceOrientationLandscapeRight UIInterfaceOrientationPortrait UIInterfaceOrientationPortraitUpsideDown";
				IPHONEOS_DEPLOYMENT_TARGET = 15.0;
				LD_RUNPATH_SEARCH_PATHS = (
					"$(inherited)",
					"@executable_path/Frameworks",
				);
				MARKETING_VERSION = 1.0;
				PRODUCT_BUNDLE_IDENTIFIER = com.hankki.Hankkijogbo;
				PRODUCT_NAME = "$(TARGET_NAME)";
				SUPPORTED_PLATFORMS = "iphoneos iphonesimulator";
				SUPPORTS_MACCATALYST = NO;
				SWIFT_EMIT_LOC_STRINGS = YES;
				SWIFT_VERSION = 5.0;
				TARGETED_DEVICE_FAMILY = 1;
			};
			name = Release;
		};
/* End XCBuildConfiguration section */

/* Begin XCConfigurationList section */
		83DBED6D2C255A180042BA48 /* Build configuration list for PBXProject "Hankkijogbo" */ = {
			isa = XCConfigurationList;
			buildConfigurations = (
				83DBED842C255A1A0042BA48 /* Debug */,
				83DBED852C255A1A0042BA48 /* Release */,
			);
			defaultConfigurationIsVisible = 0;
			defaultConfigurationName = Release;
		};
		83DBED862C255A1A0042BA48 /* Build configuration list for PBXNativeTarget "Hankkijogbo" */ = {
			isa = XCConfigurationList;
			buildConfigurations = (
				83DBED872C255A1A0042BA48 /* Debug */,
				83DBED882C255A1A0042BA48 /* Release */,
			);
			defaultConfigurationIsVisible = 0;
			defaultConfigurationName = Release;
		};
/* End XCConfigurationList section */

/* Begin XCRemoteSwiftPackageReference section */
		83DBEDBC2C25698A0042BA48 /* XCRemoteSwiftPackageReference "Then" */ = {
			isa = XCRemoteSwiftPackageReference;
			repositoryURL = "https://github.com/devxoul/Then";
			requirement = {
				kind = upToNextMajorVersion;
				minimumVersion = 3.0.0;
			};
		};
		83DBEDBF2C2569A80042BA48 /* XCRemoteSwiftPackageReference "SnapKit" */ = {
			isa = XCRemoteSwiftPackageReference;
			repositoryURL = "https://github.com/SnapKit/SnapKit";
			requirement = {
				kind = upToNextMajorVersion;
				minimumVersion = 5.7.1;
			};
		};
		83DBEDC22C256A3B0042BA48 /* XCRemoteSwiftPackageReference "Moya" */ = {
			isa = XCRemoteSwiftPackageReference;
			repositoryURL = "https://github.com/Moya/Moya";
			requirement = {
				kind = upToNextMajorVersion;
				minimumVersion = 15.0.3;
			};
		};
/* End XCRemoteSwiftPackageReference section */

/* Begin XCSwiftPackageProductDependency section */
		83DBEDBD2C25698B0042BA48 /* Then */ = {
			isa = XCSwiftPackageProductDependency;
			package = 83DBEDBC2C25698A0042BA48 /* XCRemoteSwiftPackageReference "Then" */;
			productName = Then;
		};
		83DBEDC02C2569A80042BA48 /* SnapKit */ = {
			isa = XCSwiftPackageProductDependency;
			package = 83DBEDBF2C2569A80042BA48 /* XCRemoteSwiftPackageReference "SnapKit" */;
			productName = SnapKit;
		};
		83DBEDC32C256A3B0042BA48 /* Moya */ = {
			isa = XCSwiftPackageProductDependency;
			package = 83DBEDC22C256A3B0042BA48 /* XCRemoteSwiftPackageReference "Moya" */;
			productName = Moya;
		};
/* End XCSwiftPackageProductDependency section */
	};
	rootObject = 83DBED6A2C255A180042BA48 /* Project object */;
}
